// !$*UTF8*$!
{
	archiveVersion = 1;
	classes = {
	};
	objectVersion = 56;
	objects = {

/* Begin PBXBuildFile section */
		04D8F9F32E294BB400DE046E /* SelectPhotosView.swift in Sources */ = {isa = PBXBuildFile; fileRef = 04D8F9EC2E294BB400DE046E /* SelectPhotosView.swift */; };
		04D8F9F42E294BB400DE046E /* FreelookView.swift in Sources */ = {isa = PBXBuildFile; fileRef = 04D8F9E42E294BB400DE046E /* FreelookView.swift */; };
		04D8F9F52E294BB400DE046E /* AccordionView.swift in Sources */ = {isa = PBXBuildFile; fileRef = 04D8F9EE2E294BB400DE046E /* AccordionView.swift */; };
		04D8F9F62E294BB400DE046E /* ImageSliderView.swift in Sources */ = {isa = PBXBuildFile; fileRef = 04D8F9EB2E294BB400DE046E /* ImageSliderView.swift */; };
		04D8F9F72E294BB400DE046E /* MailView.swift in Sources */ = {isa = PBXBuildFile; fileRef = 04D8F9E62E294BB400DE046E /* MailView.swift */; };
		04D8F9F82E294BB400DE046E /* WebView.swift in Sources */ = {isa = PBXBuildFile; fileRef = 04D8F9E92E294BB400DE046E /* WebView.swift */; };
		04D8F9F92E294BB400DE046E /* MoodSelectionView.swift in Sources */ = {isa = PBXBuildFile; fileRef = 04D8F9E72E294BB400DE046E /* MoodSelectionView.swift */; };
		04D8F9FA2E294BB400DE046E /* PostAccordionView.swift in Sources */ = {isa = PBXBuildFile; fileRef = 04D8F9EF2E294BB400DE046E /* PostAccordionView.swift */; };
		04D8F9FB2E294BB400DE046E /* ReservationInfoView.swift in Sources */ = {isa = PBXBuildFile; fileRef = 04D8F9F02E294BB400DE046E /* ReservationInfoView.swift */; };
		04D8F9FC2E294BB400DE046E /* ReservationView.swift in Sources */ = {isa = PBXBuildFile; fileRef = 04D8F9F12E294BB400DE046E /* ReservationView.swift */; };
		04D8F9FD2E294BB400DE046E /* ReusableGridSelectionView.swift in Sources */ = {isa = PBXBuildFile; fileRef = 04D8F9E82E294BB400DE046E /* ReusableGridSelectionView.swift */; };
		04D8F9FE2E294BB400DE046E /* GridSelectionView.swift in Sources */ = {isa = PBXBuildFile; fileRef = 04D8F9E52E294BB400DE046E /* GridSelectionView.swift */; };
		04D8FA092E294BBC00DE046E /* CustomAlertView.swift in Sources */ = {isa = PBXBuildFile; fileRef = 04D8F9FF2E294BBC00DE046E /* CustomAlertView.swift */; };
		04D8FA0A2E294BBC00DE046E /* SectionHeaderView.swift in Sources */ = {isa = PBXBuildFile; fileRef = 04D8FA072E294BBC00DE046E /* SectionHeaderView.swift */; };
		04D8FA0B2E294BBC00DE046E /* MoodsLabel.swift in Sources */ = {isa = PBXBuildFile; fileRef = 04D8FA032E294BBC00DE046E /* MoodsLabel.swift */; };
		04D8FA0C2E294BBC00DE046E /* CardView.swift in Sources */ = {isa = PBXBuildFile; fileRef = 04D8FA022E294BBC00DE046E /* CardView.swift */; };
		04D8FA0D2E294BBC00DE046E /* DeleteReservationSheetView.swift in Sources */ = {isa = PBXBuildFile; fileRef = 04D8FA002E294BBC00DE046E /* DeleteReservationSheetView.swift */; };
		04D8FA0E2E294BBC00DE046E /* ProductEmptyView.swift in Sources */ = {isa = PBXBuildFile; fileRef = 04D8FA042E294BBC00DE046E /* ProductEmptyView.swift */; };
		04D8FA0F2E294BBC00DE046E /* CustomDividerView.swift in Sources */ = {isa = PBXBuildFile; fileRef = 04D8FA062E294BBC00DE046E /* CustomDividerView.swift */; };
		04D8FA1B2E294CBA00DE046E /* PostDetailResponse.swift in Sources */ = {isa = PBXBuildFile; fileRef = 04D8FA152E294CBA00DE046E /* PostDetailResponse.swift */; };
		04D8FA1C2E294CBA00DE046E /* MakerProductRequest.swift in Sources */ = {isa = PBXBuildFile; fileRef = 04D8FA102E294CBA00DE046E /* MakerProductRequest.swift */; };
		04D8FA1D2E294CBA00DE046E /* ReservationDetailsResponse.swift in Sources */ = {isa = PBXBuildFile; fileRef = 04D8FA172E294CBA00DE046E /* ReservationDetailsResponse.swift */; };
		04D8FA1E2E294CBA00DE046E /* UserDetailsResponse.swift in Sources */ = {isa = PBXBuildFile; fileRef = 04D8FA192E294CBA00DE046E /* UserDetailsResponse.swift */; };
		04D8FA1F2E294CBA00DE046E /* ReservationResponse.swift in Sources */ = {isa = PBXBuildFile; fileRef = 04D8FA182E294CBA00DE046E /* ReservationResponse.swift */; };
		04D8FA202E294CBA00DE046E /* MyPageCountResponse.swift in Sources */ = {isa = PBXBuildFile; fileRef = 04D8FA142E294CBA00DE046E /* MyPageCountResponse.swift */; };
		04D8FA212E294CBA00DE046E /* PostProductResponse.swift in Sources */ = {isa = PBXBuildFile; fileRef = 04D8FA162E294CBA00DE046E /* PostProductResponse.swift */; };
		04D8FA222E294CBA00DE046E /* MakerProductResponse.swift in Sources */ = {isa = PBXBuildFile; fileRef = 04D8FA132E294CBA00DE046E /* MakerProductResponse.swift */; };
		04D8FA232E294CBA00DE046E /* ReservationRequest.swift in Sources */ = {isa = PBXBuildFile; fileRef = 04D8FA112E294CBA00DE046E /* ReservationRequest.swift */; };
		04D8FA292E294D0400DE046E /* Product.swift in Sources */ = {isa = PBXBuildFile; fileRef = 04D8FA252E294D0400DE046E /* Product.swift */; };
		04D8FA2A2E294D0400DE046E /* Tokens.swift in Sources */ = {isa = PBXBuildFile; fileRef = 04D8FA262E294D0400DE046E /* Tokens.swift */; };
		04D8FA2B2E294D0400DE046E /* VibesAndLocations.swift in Sources */ = {isa = PBXBuildFile; fileRef = 04D8FA272E294D0400DE046E /* VibesAndLocations.swift */; };
		04D8FA2D2E294E7D00DE046E /* LoadUserDetails.swift in Sources */ = {isa = PBXBuildFile; fileRef = 04D8FA2C2E294E7D00DE046E /* LoadUserDetails.swift */; };
		64095DA42C78475800D1C697 /* MyPageAuthorDetailView.swift in Sources */ = {isa = PBXBuildFile; fileRef = 64095DA32C78475800D1C697 /* MyPageAuthorDetailView.swift */; };
		6416BCDE2C6CCA8100E55367 /* MainPromotionViewModel.swift in Sources */ = {isa = PBXBuildFile; fileRef = 6416BCDD2C6CCA8100E55367 /* MainPromotionViewModel.swift */; };
		641D140C2C7340FF005752F4 /* Kingfisher in Frameworks */ = {isa = PBXBuildFile; productRef = 641D140B2C7340FF005752F4 /* Kingfisher */; };
		6428A48D2C3D20C600C47990 /* SnapFitApp.swift in Sources */ = {isa = PBXBuildFile; fileRef = 6428A48C2C3D20C600C47990 /* SnapFitApp.swift */; };
		6428A48F2C3D20C600C47990 /* ContentView.swift in Sources */ = {isa = PBXBuildFile; fileRef = 6428A48E2C3D20C600C47990 /* ContentView.swift */; };
		6428A4912C3D20C900C47990 /* Assets.xcassets in Resources */ = {isa = PBXBuildFile; fileRef = 6428A4902C3D20C900C47990 /* Assets.xcassets */; };
		6428A4942C3D20C900C47990 /* Preview Assets.xcassets in Resources */ = {isa = PBXBuildFile; fileRef = 6428A4932C3D20C900C47990 /* Preview Assets.xcassets */; };
		6428A4FE2C3E891E00C47990 /* LaunchScreen.storyboard in Resources */ = {isa = PBXBuildFile; fileRef = 6428A4FD2C3E891E00C47990 /* LaunchScreen.storyboard */; };
		6428A5042C3F978600C47990 /* AppDelegate.swift in Sources */ = {isa = PBXBuildFile; fileRef = 6428A5032C3F978600C47990 /* AppDelegate.swift */; };
		6428A5062C3F98F200C47990 /* SceneDelegate.swift in Sources */ = {isa = PBXBuildFile; fileRef = 6428A5052C3F98F200C47990 /* SceneDelegate.swift */; };
		6428A5092C3F9ECA00C47990 /* KakaoSDK in Frameworks */ = {isa = PBXBuildFile; productRef = 6428A5082C3F9ECA00C47990 /* KakaoSDK */; };
		6428A50B2C3F9ECA00C47990 /* KakaoSDKAuth in Frameworks */ = {isa = PBXBuildFile; productRef = 6428A50A2C3F9ECA00C47990 /* KakaoSDKAuth */; };
		6428A50D2C3F9ECA00C47990 /* KakaoSDKCommon in Frameworks */ = {isa = PBXBuildFile; productRef = 6428A50C2C3F9ECA00C47990 /* KakaoSDKCommon */; };
		6428A50F2C3F9ECA00C47990 /* KakaoSDKUser in Frameworks */ = {isa = PBXBuildFile; productRef = 6428A50E2C3F9ECA00C47990 /* KakaoSDKUser */; };
		6428A5132C3FA32B00C47990 /* LoginViewModel.swift in Sources */ = {isa = PBXBuildFile; fileRef = 6428A5122C3FA32B00C47990 /* LoginViewModel.swift */; };
		642D9EA12C4D46AF00B31B51 /* CombineExt in Frameworks */ = {isa = PBXBuildFile; productRef = 642D9EA02C4D46AF00B31B51 /* CombineExt */; };
		642D9EA42C4D46BA00B31B51 /* MultipartForm in Frameworks */ = {isa = PBXBuildFile; productRef = 642D9EA32C4D46BA00B31B51 /* MultipartForm */; };
		643549382C6DEE3900486EBE /* AuthorListPresenter.swift in Sources */ = {isa = PBXBuildFile; fileRef = 643549372C6DEE3900486EBE /* AuthorListPresenter.swift */; };
		6435493A2C6DEE5C00486EBE /* AuthorListInteractor.swift in Sources */ = {isa = PBXBuildFile; fileRef = 643549392C6DEE5C00486EBE /* AuthorListInteractor.swift */; };
		6435493C2C6DF2F400486EBE /* ProductUseCase.swift in Sources */ = {isa = PBXBuildFile; fileRef = 6435493B2C6DF2F400486EBE /* ProductUseCase.swift */; };
		643E570F2C6C96A50026226D /* MainPromotionPresenter.swift in Sources */ = {isa = PBXBuildFile; fileRef = 643E57092C6C96A50026226D /* MainPromotionPresenter.swift */; };
		643E57112C6C96A50026226D /* MainPromotionInteractor.swift in Sources */ = {isa = PBXBuildFile; fileRef = 643E570B2C6C96A50026226D /* MainPromotionInteractor.swift */; };
		643E57132C6C96A50026226D /* MainPromotionUseCase.swift in Sources */ = {isa = PBXBuildFile; fileRef = 643E570D2C6C96A50026226D /* MainPromotionUseCase.swift */; };
		643E57142C6C96A50026226D /* MainPromotionConfigurator.swift in Sources */ = {isa = PBXBuildFile; fileRef = 643E570E2C6C96A50026226D /* MainPromotionConfigurator.swift */; };
		643E57162C6C97C30026226D /* ProductWorker.swift in Sources */ = {isa = PBXBuildFile; fileRef = 643E57152C6C97C30026226D /* ProductWorker.swift */; };
		64425DE42C61155800491FBC /* AuthorReservationReceptionView.swift in Sources */ = {isa = PBXBuildFile; fileRef = 64425DE32C61155800491FBC /* AuthorReservationReceptionView.swift */; };
		644659D02C6F41930080BB03 /* SnapFitSplashImage.png in Resources */ = {isa = PBXBuildFile; fileRef = 644659CF2C6F41930080BB03 /* SnapFitSplashImage.png */; };
		644EDAC02C4636DE00745DDD /* NicknameSettingsView.swift in Sources */ = {isa = PBXBuildFile; fileRef = 644EDABF2C4636DE00745DDD /* NicknameSettingsView.swift */; };
		6457580D2C5E785A00258730 /* AuthorReservationView.swift in Sources */ = {isa = PBXBuildFile; fileRef = 6457580C2C5E785A00258730 /* AuthorReservationView.swift */; };
		64600F042C5CFDCA00C34929 /* AuthorListView.swift in Sources */ = {isa = PBXBuildFile; fileRef = 64600F032C5CFDCA00C34929 /* AuthorListView.swift */; };
		64600F062C5D072700C34929 /* CustomTopTabbar.swift in Sources */ = {isa = PBXBuildFile; fileRef = 64600F052C5D072700C34929 /* CustomTopTabbar.swift */; };
		64600F082C5D087600C34929 /* AuthorDetailView.swift in Sources */ = {isa = PBXBuildFile; fileRef = 64600F072C5D087600C34929 /* AuthorDetailView.swift */; };
		64781B832C69D634006BFBC6 /* MyPageConfigurator.swift in Sources */ = {isa = PBXBuildFile; fileRef = 64781B822C69D634006BFBC6 /* MyPageConfigurator.swift */; };
		64781B892C69D72B006BFBC6 /* MyPagePresenter.swift in Sources */ = {isa = PBXBuildFile; fileRef = 64781B842C69D72B006BFBC6 /* MyPagePresenter.swift */; };
		64781B8B2C69D72B006BFBC6 /* MyPageInteractor.swift in Sources */ = {isa = PBXBuildFile; fileRef = 64781B862C69D72B006BFBC6 /* MyPageInteractor.swift */; };
		64781B8D2C69D72B006BFBC6 /* MyPageUseCase.swift in Sources */ = {isa = PBXBuildFile; fileRef = 64781B882C69D72B006BFBC6 /* MyPageUseCase.swift */; };
		64795A4B2C5908FD0018BE0D /* SnapFitTabView.swift in Sources */ = {isa = PBXBuildFile; fileRef = 64795A4A2C5908FD0018BE0D /* SnapFitTabView.swift */; };
		64795A4F2C5A109B0018BE0D /* MainPromotionView.swift in Sources */ = {isa = PBXBuildFile; fileRef = 64795A4E2C5A109B0018BE0D /* MainPromotionView.swift */; };
		64795A632C5A2ADE0018BE0D /* ProductManagementView.swift in Sources */ = {isa = PBXBuildFile; fileRef = 64795A622C5A2A760018BE0D /* ProductManagementView.swift */; };
		64795A642C5A2ADE0018BE0D /* ProductRegistrationView.swift in Sources */ = {isa = PBXBuildFile; fileRef = 64795A612C5A2A760018BE0D /* ProductRegistrationView.swift */; };
		64795A652C5A2ADE0018BE0D /* ReservationConfirmView.swift in Sources */ = {isa = PBXBuildFile; fileRef = 64795A602C5A2A760018BE0D /* ReservationConfirmView.swift */; };
		64795A662C5A2ADE0018BE0D /* ReservationManagementView.swift in Sources */ = {isa = PBXBuildFile; fileRef = 64795A5F2C5A2A750018BE0D /* ReservationManagementView.swift */; };
		64795A672C5A2ADE0018BE0D /* AppInfoContent.swift in Sources */ = {isa = PBXBuildFile; fileRef = 64795A5E2C5A2A6A0018BE0D /* AppInfoContent.swift */; };
		64795A682C5A2ADE0018BE0D /* DibsView.swift in Sources */ = {isa = PBXBuildFile; fileRef = 64795A5A2C5A2A6A0018BE0D /* DibsView.swift */; };
		64795A692C5A2ADE0018BE0D /* MyPageView.swift in Sources */ = {isa = PBXBuildFile; fileRef = 64795A5D2C5A2A6A0018BE0D /* MyPageView.swift */; };
		64795A6A2C5A2ADE0018BE0D /* MyProfileEdit.swift in Sources */ = {isa = PBXBuildFile; fileRef = 64795A5B2C5A2A6A0018BE0D /* MyProfileEdit.swift */; };
		64795A7B2C5A68FB0018BE0D /* SplashAndTabView.swift in Sources */ = {isa = PBXBuildFile; fileRef = 64795A7A2C5A68FA0018BE0D /* SplashAndTabView.swift */; };
		647EE3FD2C6D0C6700E4372F /* AuthorListUseCase.swift in Sources */ = {isa = PBXBuildFile; fileRef = 647EE3F82C6D0C6700E4372F /* AuthorListUseCase.swift */; };
		647EE3FE2C6D0C6700E4372F /* AuthorListConfigurator.swift in Sources */ = {isa = PBXBuildFile; fileRef = 647EE3F92C6D0C6700E4372F /* AuthorListConfigurator.swift */; };
		647EE4002C6D0D9500E4372F /* AuthorListViewModel.swift in Sources */ = {isa = PBXBuildFile; fileRef = 647EE3FF2C6D0D9500E4372F /* AuthorListViewModel.swift */; };
		6496CB412C42CECA00381F0F /* LoginPresenter.swift in Sources */ = {isa = PBXBuildFile; fileRef = 6496CB3B2C42CECA00381F0F /* LoginPresenter.swift */; };
		6496CB432C42CECA00381F0F /* LoginInteractor.swift in Sources */ = {isa = PBXBuildFile; fileRef = 6496CB3D2C42CECA00381F0F /* LoginInteractor.swift */; };
		6496CB442C42CECA00381F0F /* LoginView.swift in Sources */ = {isa = PBXBuildFile; fileRef = 6496CB3E2C42CECA00381F0F /* LoginView.swift */; };
		6496CB452C42CECA00381F0F /* LoginUseCase.swift in Sources */ = {isa = PBXBuildFile; fileRef = 6496CB3F2C42CECA00381F0F /* LoginUseCase.swift */; };
		6496CB462C42CECA00381F0F /* LoginConfigurator.swift in Sources */ = {isa = PBXBuildFile; fileRef = 6496CB402C42CECA00381F0F /* LoginConfigurator.swift */; };
		6496CB492C43B81B00381F0F /* AuthWorker.swift in Sources */ = {isa = PBXBuildFile; fileRef = 6496CB482C43B81B00381F0F /* AuthWorker.swift */; };
		6496CB4C2C43F85C00381F0F /* TermsView.swift in Sources */ = {isa = PBXBuildFile; fileRef = 6496CB4B2C43F85C00381F0F /* TermsView.swift */; };
		64A0631B2C721D7900CAF9F4 /* MyPageWorker.swift in Sources */ = {isa = PBXBuildFile; fileRef = 64A0631A2C721D7900CAF9F4 /* MyPageWorker.swift */; };
		64A0631D2C72203800CAF9F4 /* MyPageViewModel.swift in Sources */ = {isa = PBXBuildFile; fileRef = 64A0631C2C72203800CAF9F4 /* MyPageViewModel.swift */; };
		64A0631F2C72275E00CAF9F4 /* MyPageReservationView.swift in Sources */ = {isa = PBXBuildFile; fileRef = 64A0631E2C72275E00CAF9F4 /* MyPageReservationView.swift */; };
		64A063212C7227A700CAF9F4 /* MyPageReservationInfoView.swift in Sources */ = {isa = PBXBuildFile; fileRef = 64A063202C7227A700CAF9F4 /* MyPageReservationInfoView.swift */; };
		64C699AB2C75F1F100965005 /* MakerUseCases.swift in Sources */ = {isa = PBXBuildFile; fileRef = 64C699AA2C75F1F100965005 /* MakerUseCases.swift */; };
		64D7334B2C53D457005A217E /* LoginInteractorTest.swift in Sources */ = {isa = PBXBuildFile; fileRef = 64D7334A2C53D457005A217E /* LoginInteractorTest.swift */; };
		64F5BD3E2C6B4B3100A0C788 /* LoginNavigationModel.swift in Sources */ = {isa = PBXBuildFile; fileRef = 64F5BD3D2C6B4B3100A0C788 /* LoginNavigationModel.swift */; };
		64FDCCE92C5006030033447D /* ApiError.swift in Sources */ = {isa = PBXBuildFile; fileRef = 64FDCCE82C5006030033447D /* ApiError.swift */; };
/* End PBXBuildFile section */

/* Begin PBXContainerItemProxy section */
		64D7333C2C53D323005A217E /* PBXContainerItemProxy */ = {
			isa = PBXContainerItemProxy;
			containerPortal = 6428A4812C3D20C600C47990 /* Project object */;
			proxyType = 1;
			remoteGlobalIDString = 6428A4882C3D20C600C47990;
			remoteInfo = SnapFit;
		};
/* End PBXContainerItemProxy section */

/* Begin PBXFileReference section */
		04D8F9E42E294BB400DE046E /* FreelookView.swift */ = {isa = PBXFileReference; lastKnownFileType = sourcecode.swift; path = FreelookView.swift; sourceTree = "<group>"; };
		04D8F9E52E294BB400DE046E /* GridSelectionView.swift */ = {isa = PBXFileReference; lastKnownFileType = sourcecode.swift; path = GridSelectionView.swift; sourceTree = "<group>"; };
		04D8F9E62E294BB400DE046E /* MailView.swift */ = {isa = PBXFileReference; lastKnownFileType = sourcecode.swift; path = MailView.swift; sourceTree = "<group>"; };
		04D8F9E72E294BB400DE046E /* MoodSelectionView.swift */ = {isa = PBXFileReference; lastKnownFileType = sourcecode.swift; path = MoodSelectionView.swift; sourceTree = "<group>"; };
		04D8F9E82E294BB400DE046E /* ReusableGridSelectionView.swift */ = {isa = PBXFileReference; lastKnownFileType = sourcecode.swift; path = ReusableGridSelectionView.swift; sourceTree = "<group>"; };
		04D8F9E92E294BB400DE046E /* WebView.swift */ = {isa = PBXFileReference; lastKnownFileType = sourcecode.swift; path = WebView.swift; sourceTree = "<group>"; };
		04D8F9EB2E294BB400DE046E /* ImageSliderView.swift */ = {isa = PBXFileReference; lastKnownFileType = sourcecode.swift; path = ImageSliderView.swift; sourceTree = "<group>"; };
		04D8F9EC2E294BB400DE046E /* SelectPhotosView.swift */ = {isa = PBXFileReference; lastKnownFileType = sourcecode.swift; path = SelectPhotosView.swift; sourceTree = "<group>"; };
		04D8F9EE2E294BB400DE046E /* AccordionView.swift */ = {isa = PBXFileReference; lastKnownFileType = sourcecode.swift; path = AccordionView.swift; sourceTree = "<group>"; };
		04D8F9EF2E294BB400DE046E /* PostAccordionView.swift */ = {isa = PBXFileReference; lastKnownFileType = sourcecode.swift; path = PostAccordionView.swift; sourceTree = "<group>"; };
		04D8F9F02E294BB400DE046E /* ReservationInfoView.swift */ = {isa = PBXFileReference; lastKnownFileType = sourcecode.swift; path = ReservationInfoView.swift; sourceTree = "<group>"; };
		04D8F9F12E294BB400DE046E /* ReservationView.swift */ = {isa = PBXFileReference; lastKnownFileType = sourcecode.swift; path = ReservationView.swift; sourceTree = "<group>"; };
		04D8F9FF2E294BBC00DE046E /* CustomAlertView.swift */ = {isa = PBXFileReference; lastKnownFileType = sourcecode.swift; path = CustomAlertView.swift; sourceTree = "<group>"; };
		04D8FA002E294BBC00DE046E /* DeleteReservationSheetView.swift */ = {isa = PBXFileReference; lastKnownFileType = sourcecode.swift; path = DeleteReservationSheetView.swift; sourceTree = "<group>"; };
		04D8FA022E294BBC00DE046E /* CardView.swift */ = {isa = PBXFileReference; lastKnownFileType = sourcecode.swift; path = CardView.swift; sourceTree = "<group>"; };
		04D8FA032E294BBC00DE046E /* MoodsLabel.swift */ = {isa = PBXFileReference; lastKnownFileType = sourcecode.swift; path = MoodsLabel.swift; sourceTree = "<group>"; };
		04D8FA042E294BBC00DE046E /* ProductEmptyView.swift */ = {isa = PBXFileReference; lastKnownFileType = sourcecode.swift; path = ProductEmptyView.swift; sourceTree = "<group>"; };
		04D8FA062E294BBC00DE046E /* CustomDividerView.swift */ = {isa = PBXFileReference; lastKnownFileType = sourcecode.swift; path = CustomDividerView.swift; sourceTree = "<group>"; };
		04D8FA072E294BBC00DE046E /* SectionHeaderView.swift */ = {isa = PBXFileReference; lastKnownFileType = sourcecode.swift; path = SectionHeaderView.swift; sourceTree = "<group>"; };
		04D8FA102E294CBA00DE046E /* MakerProductRequest.swift */ = {isa = PBXFileReference; lastKnownFileType = sourcecode.swift; path = MakerProductRequest.swift; sourceTree = "<group>"; };
		04D8FA112E294CBA00DE046E /* ReservationRequest.swift */ = {isa = PBXFileReference; lastKnownFileType = sourcecode.swift; path = ReservationRequest.swift; sourceTree = "<group>"; };
		04D8FA132E294CBA00DE046E /* MakerProductResponse.swift */ = {isa = PBXFileReference; lastKnownFileType = sourcecode.swift; path = MakerProductResponse.swift; sourceTree = "<group>"; };
		04D8FA142E294CBA00DE046E /* MyPageCountResponse.swift */ = {isa = PBXFileReference; lastKnownFileType = sourcecode.swift; path = MyPageCountResponse.swift; sourceTree = "<group>"; };
		04D8FA152E294CBA00DE046E /* PostDetailResponse.swift */ = {isa = PBXFileReference; lastKnownFileType = sourcecode.swift; path = PostDetailResponse.swift; sourceTree = "<group>"; };
		04D8FA162E294CBA00DE046E /* PostProductResponse.swift */ = {isa = PBXFileReference; lastKnownFileType = sourcecode.swift; path = PostProductResponse.swift; sourceTree = "<group>"; };
		04D8FA172E294CBA00DE046E /* ReservationDetailsResponse.swift */ = {isa = PBXFileReference; lastKnownFileType = sourcecode.swift; path = ReservationDetailsResponse.swift; sourceTree = "<group>"; };
		04D8FA182E294CBA00DE046E /* ReservationResponse.swift */ = {isa = PBXFileReference; lastKnownFileType = sourcecode.swift; path = ReservationResponse.swift; sourceTree = "<group>"; };
		04D8FA192E294CBA00DE046E /* UserDetailsResponse.swift */ = {isa = PBXFileReference; lastKnownFileType = sourcecode.swift; path = UserDetailsResponse.swift; sourceTree = "<group>"; };
		04D8FA252E294D0400DE046E /* Product.swift */ = {isa = PBXFileReference; lastKnownFileType = sourcecode.swift; path = Product.swift; sourceTree = "<group>"; };
		04D8FA262E294D0400DE046E /* Tokens.swift */ = {isa = PBXFileReference; lastKnownFileType = sourcecode.swift; path = Tokens.swift; sourceTree = "<group>"; };
		04D8FA272E294D0400DE046E /* VibesAndLocations.swift */ = {isa = PBXFileReference; lastKnownFileType = sourcecode.swift; path = VibesAndLocations.swift; sourceTree = "<group>"; };
		04D8FA2C2E294E7D00DE046E /* LoadUserDetails.swift */ = {isa = PBXFileReference; lastKnownFileType = sourcecode.swift; path = LoadUserDetails.swift; sourceTree = "<group>"; };
		64095DA32C78475800D1C697 /* MyPageAuthorDetailView.swift */ = {isa = PBXFileReference; lastKnownFileType = sourcecode.swift; path = MyPageAuthorDetailView.swift; sourceTree = "<group>"; };
		6416BCDD2C6CCA8100E55367 /* MainPromotionViewModel.swift */ = {isa = PBXFileReference; lastKnownFileType = sourcecode.swift; path = MainPromotionViewModel.swift; sourceTree = "<group>"; };
		6428A4892C3D20C600C47990 /* SnapFit.app */ = {isa = PBXFileReference; explicitFileType = wrapper.application; includeInIndex = 0; path = SnapFit.app; sourceTree = BUILT_PRODUCTS_DIR; };
		6428A48C2C3D20C600C47990 /* SnapFitApp.swift */ = {isa = PBXFileReference; lastKnownFileType = sourcecode.swift; path = SnapFitApp.swift; sourceTree = "<group>"; };
		6428A48E2C3D20C600C47990 /* ContentView.swift */ = {isa = PBXFileReference; lastKnownFileType = sourcecode.swift; path = ContentView.swift; sourceTree = "<group>"; };
		6428A4902C3D20C900C47990 /* Assets.xcassets */ = {isa = PBXFileReference; lastKnownFileType = folder.assetcatalog; path = Assets.xcassets; sourceTree = "<group>"; };
		6428A4932C3D20C900C47990 /* Preview Assets.xcassets */ = {isa = PBXFileReference; lastKnownFileType = folder.assetcatalog; path = "Preview Assets.xcassets"; sourceTree = "<group>"; };
		6428A4FD2C3E891E00C47990 /* LaunchScreen.storyboard */ = {isa = PBXFileReference; lastKnownFileType = file.storyboard; path = LaunchScreen.storyboard; sourceTree = "<group>"; };
		6428A5002C3EA9C000C47990 /* Info.plist */ = {isa = PBXFileReference; lastKnownFileType = text.plist.xml; path = Info.plist; sourceTree = "<group>"; };
		6428A5012C3EAA9700C47990 /* Config.xcconfig */ = {isa = PBXFileReference; lastKnownFileType = text.xcconfig; path = Config.xcconfig; sourceTree = "<group>"; };
		6428A5032C3F978600C47990 /* AppDelegate.swift */ = {isa = PBXFileReference; lastKnownFileType = sourcecode.swift; path = AppDelegate.swift; sourceTree = "<group>"; };
		6428A5052C3F98F200C47990 /* SceneDelegate.swift */ = {isa = PBXFileReference; lastKnownFileType = sourcecode.swift; path = SceneDelegate.swift; sourceTree = "<group>"; };
		6428A5122C3FA32B00C47990 /* LoginViewModel.swift */ = {isa = PBXFileReference; lastKnownFileType = sourcecode.swift; path = LoginViewModel.swift; sourceTree = "<group>"; };
		6428A5142C3FB2FB00C47990 /* SnapFit.entitlements */ = {isa = PBXFileReference; lastKnownFileType = text.plist.entitlements; path = SnapFit.entitlements; sourceTree = "<group>"; };
		643549372C6DEE3900486EBE /* AuthorListPresenter.swift */ = {isa = PBXFileReference; lastKnownFileType = sourcecode.swift; path = AuthorListPresenter.swift; sourceTree = "<group>"; };
		643549392C6DEE5C00486EBE /* AuthorListInteractor.swift */ = {isa = PBXFileReference; lastKnownFileType = sourcecode.swift; path = AuthorListInteractor.swift; sourceTree = "<group>"; };
		6435493B2C6DF2F400486EBE /* ProductUseCase.swift */ = {isa = PBXFileReference; lastKnownFileType = sourcecode.swift; path = ProductUseCase.swift; sourceTree = "<group>"; };
		643E57092C6C96A50026226D /* MainPromotionPresenter.swift */ = {isa = PBXFileReference; lastKnownFileType = sourcecode.swift; path = MainPromotionPresenter.swift; sourceTree = "<group>"; };
		643E570B2C6C96A50026226D /* MainPromotionInteractor.swift */ = {isa = PBXFileReference; lastKnownFileType = sourcecode.swift; path = MainPromotionInteractor.swift; sourceTree = "<group>"; };
		643E570D2C6C96A50026226D /* MainPromotionUseCase.swift */ = {isa = PBXFileReference; lastKnownFileType = sourcecode.swift; path = MainPromotionUseCase.swift; sourceTree = "<group>"; };
		643E570E2C6C96A50026226D /* MainPromotionConfigurator.swift */ = {isa = PBXFileReference; lastKnownFileType = sourcecode.swift; path = MainPromotionConfigurator.swift; sourceTree = "<group>"; };
		643E57152C6C97C30026226D /* ProductWorker.swift */ = {isa = PBXFileReference; lastKnownFileType = sourcecode.swift; path = ProductWorker.swift; sourceTree = "<group>"; };
		64425DE32C61155800491FBC /* AuthorReservationReceptionView.swift */ = {isa = PBXFileReference; lastKnownFileType = sourcecode.swift; path = AuthorReservationReceptionView.swift; sourceTree = "<group>"; };
		644659CF2C6F41930080BB03 /* SnapFitSplashImage.png */ = {isa = PBXFileReference; lastKnownFileType = image.png; path = SnapFitSplashImage.png; sourceTree = "<group>"; };
		644EDABF2C4636DE00745DDD /* NicknameSettingsView.swift */ = {isa = PBXFileReference; lastKnownFileType = sourcecode.swift; path = NicknameSettingsView.swift; sourceTree = "<group>"; };
		6457580C2C5E785A00258730 /* AuthorReservationView.swift */ = {isa = PBXFileReference; lastKnownFileType = sourcecode.swift; path = AuthorReservationView.swift; sourceTree = "<group>"; };
		64600F032C5CFDCA00C34929 /* AuthorListView.swift */ = {isa = PBXFileReference; lastKnownFileType = sourcecode.swift; path = AuthorListView.swift; sourceTree = "<group>"; };
		64600F052C5D072700C34929 /* CustomTopTabbar.swift */ = {isa = PBXFileReference; lastKnownFileType = sourcecode.swift; path = CustomTopTabbar.swift; sourceTree = "<group>"; };
		64600F072C5D087600C34929 /* AuthorDetailView.swift */ = {isa = PBXFileReference; lastKnownFileType = sourcecode.swift; path = AuthorDetailView.swift; sourceTree = "<group>"; };
		64781B822C69D634006BFBC6 /* MyPageConfigurator.swift */ = {isa = PBXFileReference; lastKnownFileType = sourcecode.swift; path = MyPageConfigurator.swift; sourceTree = "<group>"; };
		64781B842C69D72B006BFBC6 /* MyPagePresenter.swift */ = {isa = PBXFileReference; lastKnownFileType = sourcecode.swift; path = MyPagePresenter.swift; sourceTree = "<group>"; };
		64781B862C69D72B006BFBC6 /* MyPageInteractor.swift */ = {isa = PBXFileReference; lastKnownFileType = sourcecode.swift; path = MyPageInteractor.swift; sourceTree = "<group>"; };
		64781B882C69D72B006BFBC6 /* MyPageUseCase.swift */ = {isa = PBXFileReference; lastKnownFileType = sourcecode.swift; path = MyPageUseCase.swift; sourceTree = "<group>"; };
		64795A4A2C5908FD0018BE0D /* SnapFitTabView.swift */ = {isa = PBXFileReference; lastKnownFileType = sourcecode.swift; path = SnapFitTabView.swift; sourceTree = "<group>"; };
		64795A4E2C5A109B0018BE0D /* MainPromotionView.swift */ = {isa = PBXFileReference; lastKnownFileType = sourcecode.swift; path = MainPromotionView.swift; sourceTree = "<group>"; };
		64795A5A2C5A2A6A0018BE0D /* DibsView.swift */ = {isa = PBXFileReference; lastKnownFileType = sourcecode.swift; path = DibsView.swift; sourceTree = "<group>"; };
		64795A5B2C5A2A6A0018BE0D /* MyProfileEdit.swift */ = {isa = PBXFileReference; lastKnownFileType = sourcecode.swift; path = MyProfileEdit.swift; sourceTree = "<group>"; };
		64795A5D2C5A2A6A0018BE0D /* MyPageView.swift */ = {isa = PBXFileReference; lastKnownFileType = sourcecode.swift; path = MyPageView.swift; sourceTree = "<group>"; };
		64795A5E2C5A2A6A0018BE0D /* AppInfoContent.swift */ = {isa = PBXFileReference; lastKnownFileType = sourcecode.swift; path = AppInfoContent.swift; sourceTree = "<group>"; };
		64795A5F2C5A2A750018BE0D /* ReservationManagementView.swift */ = {isa = PBXFileReference; lastKnownFileType = sourcecode.swift; path = ReservationManagementView.swift; sourceTree = "<group>"; };
		64795A602C5A2A760018BE0D /* ReservationConfirmView.swift */ = {isa = PBXFileReference; lastKnownFileType = sourcecode.swift; path = ReservationConfirmView.swift; sourceTree = "<group>"; };
		64795A612C5A2A760018BE0D /* ProductRegistrationView.swift */ = {isa = PBXFileReference; lastKnownFileType = sourcecode.swift; path = ProductRegistrationView.swift; sourceTree = "<group>"; };
		64795A622C5A2A760018BE0D /* ProductManagementView.swift */ = {isa = PBXFileReference; lastKnownFileType = sourcecode.swift; path = ProductManagementView.swift; sourceTree = "<group>"; };
		64795A7A2C5A68FA0018BE0D /* SplashAndTabView.swift */ = {isa = PBXFileReference; lastKnownFileType = sourcecode.swift; path = SplashAndTabView.swift; sourceTree = "<group>"; };
		647EE3F82C6D0C6700E4372F /* AuthorListUseCase.swift */ = {isa = PBXFileReference; lastKnownFileType = sourcecode.swift; path = AuthorListUseCase.swift; sourceTree = "<group>"; };
		647EE3F92C6D0C6700E4372F /* AuthorListConfigurator.swift */ = {isa = PBXFileReference; lastKnownFileType = sourcecode.swift; path = AuthorListConfigurator.swift; sourceTree = "<group>"; };
		647EE3FF2C6D0D9500E4372F /* AuthorListViewModel.swift */ = {isa = PBXFileReference; lastKnownFileType = sourcecode.swift; path = AuthorListViewModel.swift; sourceTree = "<group>"; };
		6496CB3B2C42CECA00381F0F /* LoginPresenter.swift */ = {isa = PBXFileReference; lastKnownFileType = sourcecode.swift; path = LoginPresenter.swift; sourceTree = "<group>"; };
		6496CB3D2C42CECA00381F0F /* LoginInteractor.swift */ = {isa = PBXFileReference; lastKnownFileType = sourcecode.swift; path = LoginInteractor.swift; sourceTree = "<group>"; };
		6496CB3E2C42CECA00381F0F /* LoginView.swift */ = {isa = PBXFileReference; lastKnownFileType = sourcecode.swift; path = LoginView.swift; sourceTree = "<group>"; };
		6496CB3F2C42CECA00381F0F /* LoginUseCase.swift */ = {isa = PBXFileReference; lastKnownFileType = sourcecode.swift; path = LoginUseCase.swift; sourceTree = "<group>"; };
		6496CB402C42CECA00381F0F /* LoginConfigurator.swift */ = {isa = PBXFileReference; lastKnownFileType = sourcecode.swift; path = LoginConfigurator.swift; sourceTree = "<group>"; };
		6496CB482C43B81B00381F0F /* AuthWorker.swift */ = {isa = PBXFileReference; lastKnownFileType = sourcecode.swift; path = AuthWorker.swift; sourceTree = "<group>"; };
		6496CB4B2C43F85C00381F0F /* TermsView.swift */ = {isa = PBXFileReference; lastKnownFileType = sourcecode.swift; path = TermsView.swift; sourceTree = "<group>"; };
		64A0631A2C721D7900CAF9F4 /* MyPageWorker.swift */ = {isa = PBXFileReference; lastKnownFileType = sourcecode.swift; path = MyPageWorker.swift; sourceTree = "<group>"; };
		64A0631C2C72203800CAF9F4 /* MyPageViewModel.swift */ = {isa = PBXFileReference; lastKnownFileType = sourcecode.swift; path = MyPageViewModel.swift; sourceTree = "<group>"; };
		64A0631E2C72275E00CAF9F4 /* MyPageReservationView.swift */ = {isa = PBXFileReference; lastKnownFileType = sourcecode.swift; path = MyPageReservationView.swift; sourceTree = "<group>"; };
		64A063202C7227A700CAF9F4 /* MyPageReservationInfoView.swift */ = {isa = PBXFileReference; lastKnownFileType = sourcecode.swift; path = MyPageReservationInfoView.swift; sourceTree = "<group>"; };
		64C699AA2C75F1F100965005 /* MakerUseCases.swift */ = {isa = PBXFileReference; lastKnownFileType = sourcecode.swift; path = MakerUseCases.swift; sourceTree = "<group>"; };
		64D733382C53D323005A217E /* SnapFitTests.xctest */ = {isa = PBXFileReference; explicitFileType = wrapper.cfbundle; includeInIndex = 0; path = SnapFitTests.xctest; sourceTree = BUILT_PRODUCTS_DIR; };
		64D7334A2C53D457005A217E /* LoginInteractorTest.swift */ = {isa = PBXFileReference; lastKnownFileType = sourcecode.swift; path = LoginInteractorTest.swift; sourceTree = "<group>"; };
		64F5BD3D2C6B4B3100A0C788 /* LoginNavigationModel.swift */ = {isa = PBXFileReference; lastKnownFileType = sourcecode.swift; path = LoginNavigationModel.swift; sourceTree = "<group>"; };
		64FDCCE82C5006030033447D /* ApiError.swift */ = {isa = PBXFileReference; lastKnownFileType = sourcecode.swift; path = ApiError.swift; sourceTree = "<group>"; };
/* End PBXFileReference section */

/* Begin PBXFrameworksBuildPhase section */
		6428A4862C3D20C600C47990 /* Frameworks */ = {
			isa = PBXFrameworksBuildPhase;
			buildActionMask = 2147483647;
			files = (
				6428A50F2C3F9ECA00C47990 /* KakaoSDKUser in Frameworks */,
				642D9EA42C4D46BA00B31B51 /* MultipartForm in Frameworks */,
				641D140C2C7340FF005752F4 /* Kingfisher in Frameworks */,
				6428A5092C3F9ECA00C47990 /* KakaoSDK in Frameworks */,
				6428A50D2C3F9ECA00C47990 /* KakaoSDKCommon in Frameworks */,
				642D9EA12C4D46AF00B31B51 /* CombineExt in Frameworks */,
				6428A50B2C3F9ECA00C47990 /* KakaoSDKAuth in Frameworks */,
			);
			runOnlyForDeploymentPostprocessing = 0;
		};
		64D733352C53D323005A217E /* Frameworks */ = {
			isa = PBXFrameworksBuildPhase;
			buildActionMask = 2147483647;
			files = (
			);
			runOnlyForDeploymentPostprocessing = 0;
		};
/* End PBXFrameworksBuildPhase section */

/* Begin PBXGroup section */
		04D8F9EA2E294BB400DE046E /* Etc */ = {
			isa = PBXGroup;
			children = (
				04D8F9E42E294BB400DE046E /* FreelookView.swift */,
				04D8F9E52E294BB400DE046E /* GridSelectionView.swift */,
				04D8F9E62E294BB400DE046E /* MailView.swift */,
				04D8F9E72E294BB400DE046E /* MoodSelectionView.swift */,
				04D8F9E82E294BB400DE046E /* ReusableGridSelectionView.swift */,
				04D8F9E92E294BB400DE046E /* WebView.swift */,
			);
			path = Etc;
			sourceTree = "<group>";
		};
		04D8F9ED2E294BB400DE046E /* Image */ = {
			isa = PBXGroup;
			children = (
				04D8F9EB2E294BB400DE046E /* ImageSliderView.swift */,
				04D8F9EC2E294BB400DE046E /* SelectPhotosView.swift */,
			);
			path = Image;
			sourceTree = "<group>";
		};
		04D8F9F22E294BB400DE046E /* Reservation */ = {
			isa = PBXGroup;
			children = (
				04D8F9EE2E294BB400DE046E /* AccordionView.swift */,
				04D8F9EF2E294BB400DE046E /* PostAccordionView.swift */,
				04D8F9F02E294BB400DE046E /* ReservationInfoView.swift */,
				04D8F9F12E294BB400DE046E /* ReservationView.swift */,
			);
			path = Reservation;
			sourceTree = "<group>";
		};
		04D8FA012E294BBC00DE046E /* Alert */ = {
			isa = PBXGroup;
			children = (
				04D8F9FF2E294BBC00DE046E /* CustomAlertView.swift */,
				04D8FA002E294BBC00DE046E /* DeleteReservationSheetView.swift */,
			);
			path = Alert;
			sourceTree = "<group>";
		};
		04D8FA052E294BBC00DE046E /* Card */ = {
			isa = PBXGroup;
			children = (
				04D8FA022E294BBC00DE046E /* CardView.swift */,
				04D8FA032E294BBC00DE046E /* MoodsLabel.swift */,
				04D8FA042E294BBC00DE046E /* ProductEmptyView.swift */,
			);
			path = Card;
			sourceTree = "<group>";
		};
		04D8FA082E294BBC00DE046E /* Common */ = {
			isa = PBXGroup;
			children = (
				04D8FA062E294BBC00DE046E /* CustomDividerView.swift */,
				04D8FA072E294BBC00DE046E /* SectionHeaderView.swift */,
			);
			path = Common;
			sourceTree = "<group>";
		};
		04D8FA122E294CBA00DE046E /* Request */ = {
			isa = PBXGroup;
			children = (
				04D8FA102E294CBA00DE046E /* MakerProductRequest.swift */,
				04D8FA112E294CBA00DE046E /* ReservationRequest.swift */,
			);
			path = Request;
			sourceTree = "<group>";
		};
		04D8FA1A2E294CBA00DE046E /* Response */ = {
			isa = PBXGroup;
			children = (
				04D8FA132E294CBA00DE046E /* MakerProductResponse.swift */,
				04D8FA142E294CBA00DE046E /* MyPageCountResponse.swift */,
				04D8FA152E294CBA00DE046E /* PostDetailResponse.swift */,
				04D8FA162E294CBA00DE046E /* PostProductResponse.swift */,
				04D8FA172E294CBA00DE046E /* ReservationDetailsResponse.swift */,
				04D8FA182E294CBA00DE046E /* ReservationResponse.swift */,
				04D8FA192E294CBA00DE046E /* UserDetailsResponse.swift */,
			);
			path = Response;
			sourceTree = "<group>";
		};
		04D8FA282E294D0400DE046E /* Model */ = {
			isa = PBXGroup;
			children = (
				04D8FA252E294D0400DE046E /* Product.swift */,
				04D8FA262E294D0400DE046E /* Tokens.swift */,
				04D8FA272E294D0400DE046E /* VibesAndLocations.swift */,
			);
			path = Model;
			sourceTree = "<group>";
		};
		6428A4802C3D20C600C47990 = {
			isa = PBXGroup;
			children = (
				6428A48B2C3D20C600C47990 /* SnapFit */,
				6428A48A2C3D20C600C47990 /* Products */,
				64D733392C53D323005A217E /* SnapFitTests */,
				6428A5072C3F9ECA00C47990 /* Frameworks */,
			);
			sourceTree = "<group>";
		};
		6428A48A2C3D20C600C47990 /* Products */ = {
			isa = PBXGroup;
			children = (
				6428A4892C3D20C600C47990 /* SnapFit.app */,
				64D733382C53D323005A217E /* SnapFitTests.xctest */,
			);
			name = Products;
			sourceTree = "<group>";
		};
		6428A48B2C3D20C600C47990 /* SnapFit */ = {
			isa = PBXGroup;
			children = (
				6496CB2C2C42CE3900381F0F /* App */,
				64795A452C58C8EE0018BE0D /* Data */,
				64795A462C58C8F30018BE0D /* Domain */,
				6428A49A2C3D22E900C47990 /* Presentation */,
				6428A4922C3D20C900C47990 /* Preview Content */,
				644EDABB2C4552AA00745DDD /* Utils */,
			);
			path = SnapFit;
			sourceTree = "<group>";
		};
		6428A4922C3D20C900C47990 /* Preview Content */ = {
			isa = PBXGroup;
			children = (
				6428A4932C3D20C900C47990 /* Preview Assets.xcassets */,
			);
			path = "Preview Content";
			sourceTree = "<group>";
		};
		6428A49A2C3D22E900C47990 /* Presentation */ = {
			isa = PBXGroup;
			children = (
				64600F012C5CFDA900C34929 /* AuthorList */,
				64795A552C5A2A160018BE0D /* MyPage */,
				64795A4C2C5A105B0018BE0D /* MainPromotion */,
				6496CB3A2C42CEA400381F0F /* Login */,
				6428A48E2C3D20C600C47990 /* ContentView.swift */,
				64795A7A2C5A68FA0018BE0D /* SplashAndTabView.swift */,
				64795A4A2C5908FD0018BE0D /* SnapFitTabView.swift */,
			);
			path = Presentation;
			sourceTree = "<group>";
		};
		6428A49D2C3D23D100C47990 /* Repositories */ = {
			isa = PBXGroup;
			children = (
				04D8FA282E294D0400DE046E /* Model */,
				04D8FA122E294CBA00DE046E /* Request */,
				04D8FA1A2E294CBA00DE046E /* Response */,
			);
			path = Repositories;
			sourceTree = "<group>";
		};
		6428A5072C3F9ECA00C47990 /* Frameworks */ = {
			isa = PBXGroup;
			children = (
			);
			name = Frameworks;
			sourceTree = "<group>";
		};
		642D9E9A2C4D36D300B31B51 /* UseCases */ = {
			isa = PBXGroup;
			children = (
				64781B882C69D72B006BFBC6 /* MyPageUseCase.swift */,
				6496CB3F2C42CECA00381F0F /* LoginUseCase.swift */,
				643E570D2C6C96A50026226D /* MainPromotionUseCase.swift */,
				647EE3F82C6D0C6700E4372F /* AuthorListUseCase.swift */,
				6435493B2C6DF2F400486EBE /* ProductUseCase.swift */,
				04D8FA2C2E294E7D00DE046E /* LoadUserDetails.swift */,
				64C699AA2C75F1F100965005 /* MakerUseCases.swift */,
			);
			path = UseCases;
			sourceTree = "<group>";
		};
		644EDABB2C4552AA00745DDD /* Utils */ = {
			isa = PBXGroup;
			children = (
				644EDABC2C4552BD00745DDD /* View */,
			);
			path = Utils;
			sourceTree = "<group>";
		};
		644EDABC2C4552BD00745DDD /* View */ = {
			isa = PBXGroup;
			children = (
				04D8F9EA2E294BB400DE046E /* Etc */,
				04D8F9ED2E294BB400DE046E /* Image */,
				04D8F9F22E294BB400DE046E /* Reservation */,
				64600F052C5D072700C34929 /* CustomTopTabbar.swift */,
				04D8FA012E294BBC00DE046E /* Alert */,
				04D8FA052E294BBC00DE046E /* Card */,
				04D8FA082E294BBC00DE046E /* Common */,
			);
			path = View;
			sourceTree = "<group>";
		};
		64600F012C5CFDA900C34929 /* AuthorList */ = {
			isa = PBXGroup;
			children = (
				647EE3F92C6D0C6700E4372F /* AuthorListConfigurator.swift */,
				643549372C6DEE3900486EBE /* AuthorListPresenter.swift */,
				643549392C6DEE5C00486EBE /* AuthorListInteractor.swift */,
				64600F022C5CFDB300C34929 /* View */,
			);
			path = AuthorList;
			sourceTree = "<group>";
		};
		64600F022C5CFDB300C34929 /* View */ = {
			isa = PBXGroup;
			children = (
				64600F032C5CFDCA00C34929 /* AuthorListView.swift */,
				64600F072C5D087600C34929 /* AuthorDetailView.swift */,
				6457580C2C5E785A00258730 /* AuthorReservationView.swift */,
				64425DE32C61155800491FBC /* AuthorReservationReceptionView.swift */,
				647EE3FF2C6D0D9500E4372F /* AuthorListViewModel.swift */,
			);
			path = View;
			sourceTree = "<group>";
		};
		64795A452C58C8EE0018BE0D /* Data */ = {
			isa = PBXGroup;
			children = (
				6428A49D2C3D23D100C47990 /* Repositories */,
				64795A482C58C96F0018BE0D /* Network */,
			);
			path = Data;
			sourceTree = "<group>";
		};
		64795A462C58C8F30018BE0D /* Domain */ = {
			isa = PBXGroup;
			children = (
				642D9E9A2C4D36D300B31B51 /* UseCases */,
			);
			path = Domain;
			sourceTree = "<group>";
		};
		64795A482C58C96F0018BE0D /* Network */ = {
			isa = PBXGroup;
			children = (
				64FDCCE82C5006030033447D /* ApiError.swift */,
				6496CB482C43B81B00381F0F /* AuthWorker.swift */,
				643E57152C6C97C30026226D /* ProductWorker.swift */,
				64A0631A2C721D7900CAF9F4 /* MyPageWorker.swift */,
			);
			path = Network;
			sourceTree = "<group>";
		};
		64795A4C2C5A105B0018BE0D /* MainPromotion */ = {
			isa = PBXGroup;
			children = (
				64795A4D2C5A10880018BE0D /* View */,
				643E57092C6C96A50026226D /* MainPromotionPresenter.swift */,
				643E570B2C6C96A50026226D /* MainPromotionInteractor.swift */,
				643E570E2C6C96A50026226D /* MainPromotionConfigurator.swift */,
			);
			path = MainPromotion;
			sourceTree = "<group>";
		};
		64795A4D2C5A10880018BE0D /* View */ = {
			isa = PBXGroup;
			children = (
				64795A4E2C5A109B0018BE0D /* MainPromotionView.swift */,
				6416BCDD2C6CCA8100E55367 /* MainPromotionViewModel.swift */,
			);
			path = View;
			sourceTree = "<group>";
		};
		64795A552C5A2A160018BE0D /* MyPage */ = {
			isa = PBXGroup;
			children = (
				64795A562C5A2A3B0018BE0D /* View */,
				64781B822C69D634006BFBC6 /* MyPageConfigurator.swift */,
				64781B842C69D72B006BFBC6 /* MyPagePresenter.swift */,
				64781B862C69D72B006BFBC6 /* MyPageInteractor.swift */,
			);
			path = MyPage;
			sourceTree = "<group>";
		};
		64795A562C5A2A3B0018BE0D /* View */ = {
			isa = PBXGroup;
			children = (
				64795A5D2C5A2A6A0018BE0D /* MyPageView.swift */,
				64795A582C5A2A560018BE0D /* Author */,
				64795A572C5A2A460018BE0D /* User */,
				64A0631E2C72275E00CAF9F4 /* MyPageReservationView.swift */,
				64A063202C7227A700CAF9F4 /* MyPageReservationInfoView.swift */,
			);
			path = View;
			sourceTree = "<group>";
		};
		64795A572C5A2A460018BE0D /* User */ = {
			isa = PBXGroup;
			children = (
				64795A5E2C5A2A6A0018BE0D /* AppInfoContent.swift */,
				64795A5A2C5A2A6A0018BE0D /* DibsView.swift */,
				64795A5B2C5A2A6A0018BE0D /* MyProfileEdit.swift */,
				64A0631C2C72203800CAF9F4 /* MyPageViewModel.swift */,
				64095DA32C78475800D1C697 /* MyPageAuthorDetailView.swift */,
			);
			path = User;
			sourceTree = "<group>";
		};
		64795A582C5A2A560018BE0D /* Author */ = {
			isa = PBXGroup;
			children = (
				64795A622C5A2A760018BE0D /* ProductManagementView.swift */,
				64795A612C5A2A760018BE0D /* ProductRegistrationView.swift */,
				64795A602C5A2A760018BE0D /* ReservationConfirmView.swift */,
				64795A5F2C5A2A750018BE0D /* ReservationManagementView.swift */,
			);
			path = Author;
			sourceTree = "<group>";
		};
		6496CB2C2C42CE3900381F0F /* App */ = {
			isa = PBXGroup;
			children = (
				6496CB2D2C42CE5A00381F0F /* Resources */,
				6428A48C2C3D20C600C47990 /* SnapFitApp.swift */,
				6428A5032C3F978600C47990 /* AppDelegate.swift */,
				6428A5052C3F98F200C47990 /* SceneDelegate.swift */,
			);
			path = App;
			sourceTree = "<group>";
		};
		6496CB2D2C42CE5A00381F0F /* Resources */ = {
			isa = PBXGroup;
			children = (
				6428A5002C3EA9C000C47990 /* Info.plist */,
				6428A5142C3FB2FB00C47990 /* SnapFit.entitlements */,
				6428A5012C3EAA9700C47990 /* Config.xcconfig */,
				6428A4902C3D20C900C47990 /* Assets.xcassets */,
				644659CF2C6F41930080BB03 /* SnapFitSplashImage.png */,
				6428A4FD2C3E891E00C47990 /* LaunchScreen.storyboard */,
			);
			path = Resources;
			sourceTree = "<group>";
		};
		6496CB3A2C42CEA400381F0F /* Login */ = {
			isa = PBXGroup;
			children = (
				6496CB3D2C42CECA00381F0F /* LoginInteractor.swift */,
				6496CB3B2C42CECA00381F0F /* LoginPresenter.swift */,
				6496CB402C42CECA00381F0F /* LoginConfigurator.swift */,
				6496CB4A2C43F7D400381F0F /* View */,
			);
			path = Login;
			sourceTree = "<group>";
		};
		6496CB4A2C43F7D400381F0F /* View */ = {
			isa = PBXGroup;
			children = (
				6496CB4B2C43F85C00381F0F /* TermsView.swift */,
				644EDABF2C4636DE00745DDD /* NicknameSettingsView.swift */,
				6496CB3E2C42CECA00381F0F /* LoginView.swift */,
				6428A5122C3FA32B00C47990 /* LoginViewModel.swift */,
				64F5BD3D2C6B4B3100A0C788 /* LoginNavigationModel.swift */,
			);
			path = View;
			sourceTree = "<group>";
		};
		64D733392C53D323005A217E /* SnapFitTests */ = {
			isa = PBXGroup;
			children = (
				64D7334A2C53D457005A217E /* LoginInteractorTest.swift */,
			);
			path = SnapFitTests;
			sourceTree = "<group>";
		};
/* End PBXGroup section */

/* Begin PBXNativeTarget section */
		6428A4882C3D20C600C47990 /* SnapFit */ = {
			isa = PBXNativeTarget;
			buildConfigurationList = 6428A4972C3D20C900C47990 /* Build configuration list for PBXNativeTarget "SnapFit" */;
			buildPhases = (
				6428A4852C3D20C600C47990 /* Sources */,
				6428A4862C3D20C600C47990 /* Frameworks */,
				6428A4872C3D20C600C47990 /* Resources */,
			);
			buildRules = (
			);
			dependencies = (
			);
			name = SnapFit;
			packageProductDependencies = (
				6428A5082C3F9ECA00C47990 /* KakaoSDK */,
				6428A50A2C3F9ECA00C47990 /* KakaoSDKAuth */,
				6428A50C2C3F9ECA00C47990 /* KakaoSDKCommon */,
				6428A50E2C3F9ECA00C47990 /* KakaoSDKUser */,
				642D9EA02C4D46AF00B31B51 /* CombineExt */,
				642D9EA32C4D46BA00B31B51 /* MultipartForm */,
				641D140B2C7340FF005752F4 /* Kingfisher */,
			);
			productName = SnapFit;
			productReference = 6428A4892C3D20C600C47990 /* SnapFit.app */;
			productType = "com.apple.product-type.application";
		};
		64D733372C53D323005A217E /* SnapFitTests */ = {
			isa = PBXNativeTarget;
			buildConfigurationList = 64D733402C53D323005A217E /* Build configuration list for PBXNativeTarget "SnapFitTests" */;
			buildPhases = (
				64D733342C53D323005A217E /* Sources */,
				64D733352C53D323005A217E /* Frameworks */,
				64D733362C53D323005A217E /* Resources */,
			);
			buildRules = (
			);
			dependencies = (
				64D7333D2C53D323005A217E /* PBXTargetDependency */,
			);
			name = SnapFitTests;
			productName = SnapFitTests;
			productReference = 64D733382C53D323005A217E /* SnapFitTests.xctest */;
			productType = "com.apple.product-type.bundle.unit-test";
		};
/* End PBXNativeTarget section */

/* Begin PBXProject section */
		6428A4812C3D20C600C47990 /* Project object */ = {
			isa = PBXProject;
			attributes = {
				BuildIndependentTargetsInParallel = 1;
				LastSwiftUpdateCheck = 1540;
				LastUpgradeCheck = 1540;
				TargetAttributes = {
					6428A4882C3D20C600C47990 = {
						CreatedOnToolsVersion = 15.4;
					};
					64D733372C53D323005A217E = {
						CreatedOnToolsVersion = 15.4;
						LastSwiftMigration = 1540;
						TestTargetID = 6428A4882C3D20C600C47990;
					};
				};
			};
			buildConfigurationList = 6428A4842C3D20C600C47990 /* Build configuration list for PBXProject "SnapFit" */;
			compatibilityVersion = "Xcode 14.0";
			developmentRegion = en;
			hasScannedForEncodings = 0;
			knownRegions = (
				en,
				Base,
			);
			mainGroup = 6428A4802C3D20C600C47990;
			packageReferences = (
				6428A4FF2C3EA96600C47990 /* XCRemoteSwiftPackageReference "kakao-ios-sdk" */,
				642D9E9F2C4D46AF00B31B51 /* XCRemoteSwiftPackageReference "CombineExt" */,
				642D9EA22C4D46BA00B31B51 /* XCRemoteSwiftPackageReference "MultipartForm" */,
				641D140A2C7340FF005752F4 /* XCRemoteSwiftPackageReference "Kingfisher" */,
			);
			productRefGroup = 6428A48A2C3D20C600C47990 /* Products */;
			projectDirPath = "";
			projectRoot = "";
			targets = (
				6428A4882C3D20C600C47990 /* SnapFit */,
				64D733372C53D323005A217E /* SnapFitTests */,
			);
		};
/* End PBXProject section */

/* Begin PBXResourcesBuildPhase section */
		6428A4872C3D20C600C47990 /* Resources */ = {
			isa = PBXResourcesBuildPhase;
			buildActionMask = 2147483647;
			files = (
				644659D02C6F41930080BB03 /* SnapFitSplashImage.png in Resources */,
				6428A4942C3D20C900C47990 /* Preview Assets.xcassets in Resources */,
				6428A4912C3D20C900C47990 /* Assets.xcassets in Resources */,
				6428A4FE2C3E891E00C47990 /* LaunchScreen.storyboard in Resources */,
			);
			runOnlyForDeploymentPostprocessing = 0;
		};
		64D733362C53D323005A217E /* Resources */ = {
			isa = PBXResourcesBuildPhase;
			buildActionMask = 2147483647;
			files = (
			);
			runOnlyForDeploymentPostprocessing = 0;
		};
/* End PBXResourcesBuildPhase section */

/* Begin PBXSourcesBuildPhase section */
		6428A4852C3D20C600C47990 /* Sources */ = {
			isa = PBXSourcesBuildPhase;
			buildActionMask = 2147483647;
			files = (
				64795A632C5A2ADE0018BE0D /* ProductManagementView.swift in Sources */,
				64795A642C5A2ADE0018BE0D /* ProductRegistrationView.swift in Sources */,
				64795A652C5A2ADE0018BE0D /* ReservationConfirmView.swift in Sources */,
				64F5BD3E2C6B4B3100A0C788 /* LoginNavigationModel.swift in Sources */,
				64795A662C5A2ADE0018BE0D /* ReservationManagementView.swift in Sources */,
				64795A672C5A2ADE0018BE0D /* AppInfoContent.swift in Sources */,
				64795A682C5A2ADE0018BE0D /* DibsView.swift in Sources */,
				64795A692C5A2ADE0018BE0D /* MyPageView.swift in Sources */,
				64781B832C69D634006BFBC6 /* MyPageConfigurator.swift in Sources */,
				64795A6A2C5A2ADE0018BE0D /* MyProfileEdit.swift in Sources */,
				64C699AB2C75F1F100965005 /* MakerUseCases.swift in Sources */,
				647EE4002C6D0D9500E4372F /* AuthorListViewModel.swift in Sources */,
				04D8FA292E294D0400DE046E /* Product.swift in Sources */,
				04D8FA2A2E294D0400DE046E /* Tokens.swift in Sources */,
				04D8FA2B2E294D0400DE046E /* VibesAndLocations.swift in Sources */,
				04D8FA2D2E294E7D00DE046E /* LoadUserDetails.swift in Sources */,
				64A063212C7227A700CAF9F4 /* MyPageReservationInfoView.swift in Sources */,
				6428A5062C3F98F200C47990 /* SceneDelegate.swift in Sources */,
				04D8FA092E294BBC00DE046E /* CustomAlertView.swift in Sources */,
				04D8FA0A2E294BBC00DE046E /* SectionHeaderView.swift in Sources */,
				04D8FA0B2E294BBC00DE046E /* MoodsLabel.swift in Sources */,
				04D8FA0C2E294BBC00DE046E /* CardView.swift in Sources */,
				04D8FA0D2E294BBC00DE046E /* DeleteReservationSheetView.swift in Sources */,
				04D8FA0E2E294BBC00DE046E /* ProductEmptyView.swift in Sources */,
				04D8FA0F2E294BBC00DE046E /* CustomDividerView.swift in Sources */,
				6428A5042C3F978600C47990 /* AppDelegate.swift in Sources */,
				64781B892C69D72B006BFBC6 /* MyPagePresenter.swift in Sources */,
				647EE3FD2C6D0C6700E4372F /* AuthorListUseCase.swift in Sources */,
				647EE3FE2C6D0C6700E4372F /* AuthorListConfigurator.swift in Sources */,
				64781B8B2C69D72B006BFBC6 /* MyPageInteractor.swift in Sources */,
				64781B8D2C69D72B006BFBC6 /* MyPageUseCase.swift in Sources */,
				64795A7B2C5A68FB0018BE0D /* SplashAndTabView.swift in Sources */,
				64095DA42C78475800D1C697 /* MyPageAuthorDetailView.swift in Sources */,
				6496CB412C42CECA00381F0F /* LoginPresenter.swift in Sources */,
				6496CB432C42CECA00381F0F /* LoginInteractor.swift in Sources */,
				04D8F9F32E294BB400DE046E /* SelectPhotosView.swift in Sources */,
				04D8F9F42E294BB400DE046E /* FreelookView.swift in Sources */,
				04D8F9F52E294BB400DE046E /* AccordionView.swift in Sources */,
				04D8F9F62E294BB400DE046E /* ImageSliderView.swift in Sources */,
				04D8F9F72E294BB400DE046E /* MailView.swift in Sources */,
				04D8F9F82E294BB400DE046E /* WebView.swift in Sources */,
				04D8F9F92E294BB400DE046E /* MoodSelectionView.swift in Sources */,
				04D8F9FA2E294BB400DE046E /* PostAccordionView.swift in Sources */,
				04D8F9FB2E294BB400DE046E /* ReservationInfoView.swift in Sources */,
				04D8F9FC2E294BB400DE046E /* ReservationView.swift in Sources */,
				04D8F9FD2E294BB400DE046E /* ReusableGridSelectionView.swift in Sources */,
				04D8F9FE2E294BB400DE046E /* GridSelectionView.swift in Sources */,
				64425DE42C61155800491FBC /* AuthorReservationReceptionView.swift in Sources */,
				6496CB442C42CECA00381F0F /* LoginView.swift in Sources */,
				64A0631F2C72275E00CAF9F4 /* MyPageReservationView.swift in Sources */,
				644EDAC02C4636DE00745DDD /* NicknameSettingsView.swift in Sources */,
				64600F042C5CFDCA00C34929 /* AuthorListView.swift in Sources */,
				6435493A2C6DEE5C00486EBE /* AuthorListInteractor.swift in Sources */,
				64A0631D2C72203800CAF9F4 /* MyPageViewModel.swift in Sources */,
				6435493C2C6DF2F400486EBE /* ProductUseCase.swift in Sources */,
				6496CB4C2C43F85C00381F0F /* TermsView.swift in Sources */,
				64795A4B2C5908FD0018BE0D /* SnapFitTabView.swift in Sources */,
				6496CB452C42CECA00381F0F /* LoginUseCase.swift in Sources */,
				643549382C6DEE3900486EBE /* AuthorListPresenter.swift in Sources */,
				6496CB462C42CECA00381F0F /* LoginConfigurator.swift in Sources */,
				64795A4F2C5A109B0018BE0D /* MainPromotionView.swift in Sources */,
				64FDCCE92C5006030033447D /* ApiError.swift in Sources */,
				643E570F2C6C96A50026226D /* MainPromotionPresenter.swift in Sources */,
				04D8FA1B2E294CBA00DE046E /* PostDetailResponse.swift in Sources */,
				04D8FA1C2E294CBA00DE046E /* MakerProductRequest.swift in Sources */,
				04D8FA1D2E294CBA00DE046E /* ReservationDetailsResponse.swift in Sources */,
				04D8FA1E2E294CBA00DE046E /* UserDetailsResponse.swift in Sources */,
				04D8FA1F2E294CBA00DE046E /* ReservationResponse.swift in Sources */,
				04D8FA202E294CBA00DE046E /* MyPageCountResponse.swift in Sources */,
				04D8FA212E294CBA00DE046E /* PostProductResponse.swift in Sources */,
				04D8FA222E294CBA00DE046E /* MakerProductResponse.swift in Sources */,
				04D8FA232E294CBA00DE046E /* ReservationRequest.swift in Sources */,
				643E57112C6C96A50026226D /* MainPromotionInteractor.swift in Sources */,
				643E57132C6C96A50026226D /* MainPromotionUseCase.swift in Sources */,
				643E57142C6C96A50026226D /* MainPromotionConfigurator.swift in Sources */,
				64600F062C5D072700C34929 /* CustomTopTabbar.swift in Sources */,
				6496CB492C43B81B00381F0F /* AuthWorker.swift in Sources */,
				6416BCDE2C6CCA8100E55367 /* MainPromotionViewModel.swift in Sources */,
				6428A5132C3FA32B00C47990 /* LoginViewModel.swift in Sources */,
				6428A48F2C3D20C600C47990 /* ContentView.swift in Sources */,
				6428A48D2C3D20C600C47990 /* SnapFitApp.swift in Sources */,
				6457580D2C5E785A00258730 /* AuthorReservationView.swift in Sources */,
				643E57162C6C97C30026226D /* ProductWorker.swift in Sources */,
				64600F082C5D087600C34929 /* AuthorDetailView.swift in Sources */,
				64A0631B2C721D7900CAF9F4 /* MyPageWorker.swift in Sources */,
			);
			runOnlyForDeploymentPostprocessing = 0;
		};
		64D733342C53D323005A217E /* Sources */ = {
			isa = PBXSourcesBuildPhase;
			buildActionMask = 2147483647;
			files = (
				64D7334B2C53D457005A217E /* LoginInteractorTest.swift in Sources */,
			);
			runOnlyForDeploymentPostprocessing = 0;
		};
/* End PBXSourcesBuildPhase section */

/* Begin PBXTargetDependency section */
		64D7333D2C53D323005A217E /* PBXTargetDependency */ = {
			isa = PBXTargetDependency;
			target = 6428A4882C3D20C600C47990 /* SnapFit */;
			targetProxy = 64D7333C2C53D323005A217E /* PBXContainerItemProxy */;
		};
/* End PBXTargetDependency section */

/* Begin XCBuildConfiguration section */
		6428A4952C3D20C900C47990 /* Debug */ = {
			isa = XCBuildConfiguration;
			baseConfigurationReference = 6428A5012C3EAA9700C47990 /* Config.xcconfig */;
			buildSettings = {
				ALWAYS_SEARCH_USER_PATHS = NO;
				ASSETCATALOG_COMPILER_GENERATE_SWIFT_ASSET_SYMBOL_EXTENSIONS = YES;
				CLANG_ANALYZER_NONNULL = YES;
				CLANG_ANALYZER_NUMBER_OBJECT_CONVERSION = YES_AGGRESSIVE;
				CLANG_CXX_LANGUAGE_STANDARD = "gnu++20";
				CLANG_ENABLE_MODULES = YES;
				CLANG_ENABLE_OBJC_ARC = YES;
				CLANG_ENABLE_OBJC_WEAK = YES;
				CLANG_WARN_BLOCK_CAPTURE_AUTORELEASING = YES;
				CLANG_WARN_BOOL_CONVERSION = YES;
				CLANG_WARN_COMMA = YES;
				CLANG_WARN_CONSTANT_CONVERSION = YES;
				CLANG_WARN_DEPRECATED_OBJC_IMPLEMENTATIONS = YES;
				CLANG_WARN_DIRECT_OBJC_ISA_USAGE = YES_ERROR;
				CLANG_WARN_DOCUMENTATION_COMMENTS = YES;
				CLANG_WARN_EMPTY_BODY = YES;
				CLANG_WARN_ENUM_CONVERSION = YES;
				CLANG_WARN_INFINITE_RECURSION = YES;
				CLANG_WARN_INT_CONVERSION = YES;
				CLANG_WARN_NON_LITERAL_NULL_CONVERSION = YES;
				CLANG_WARN_OBJC_IMPLICIT_RETAIN_SELF = YES;
				CLANG_WARN_OBJC_LITERAL_CONVERSION = YES;
				CLANG_WARN_OBJC_ROOT_CLASS = YES_ERROR;
				CLANG_WARN_QUOTED_INCLUDE_IN_FRAMEWORK_HEADER = YES;
				CLANG_WARN_RANGE_LOOP_ANALYSIS = YES;
				CLANG_WARN_STRICT_PROTOTYPES = YES;
				CLANG_WARN_SUSPICIOUS_MOVE = YES;
				CLANG_WARN_UNGUARDED_AVAILABILITY = YES_AGGRESSIVE;
				CLANG_WARN_UNREACHABLE_CODE = YES;
				CLANG_WARN__DUPLICATE_METHOD_MATCH = YES;
				COPY_PHASE_STRIP = NO;
				DEBUG_INFORMATION_FORMAT = dwarf;
				ENABLE_STRICT_OBJC_MSGSEND = YES;
				ENABLE_TESTABILITY = YES;
				ENABLE_USER_SCRIPT_SANDBOXING = YES;
				GCC_C_LANGUAGE_STANDARD = gnu17;
				GCC_DYNAMIC_NO_PIC = NO;
				GCC_NO_COMMON_BLOCKS = YES;
				GCC_OPTIMIZATION_LEVEL = 0;
				GCC_PREPROCESSOR_DEFINITIONS = (
					"DEBUG=1",
					"$(inherited)",
				);
				GCC_WARN_64_TO_32_BIT_CONVERSION = YES;
				GCC_WARN_ABOUT_RETURN_TYPE = YES_ERROR;
				GCC_WARN_UNDECLARED_SELECTOR = YES;
				GCC_WARN_UNINITIALIZED_AUTOS = YES_AGGRESSIVE;
				GCC_WARN_UNUSED_FUNCTION = YES;
				GCC_WARN_UNUSED_VARIABLE = YES;
				IPHONEOS_DEPLOYMENT_TARGET = 16.0;
				LOCALIZATION_PREFERS_STRING_CATALOGS = YES;
				MTL_ENABLE_DEBUG_INFO = INCLUDE_SOURCE;
				MTL_FAST_MATH = YES;
				ONLY_ACTIVE_ARCH = YES;
				SDKROOT = iphoneos;
				SWIFT_ACTIVE_COMPILATION_CONDITIONS = "DEBUG $(inherited)";
				SWIFT_OPTIMIZATION_LEVEL = "-Onone";
			};
			name = Debug;
		};
		6428A4962C3D20C900C47990 /* Release */ = {
			isa = XCBuildConfiguration;
			baseConfigurationReference = 6428A5012C3EAA9700C47990 /* Config.xcconfig */;
			buildSettings = {
				ALWAYS_SEARCH_USER_PATHS = NO;
				ASSETCATALOG_COMPILER_GENERATE_SWIFT_ASSET_SYMBOL_EXTENSIONS = YES;
				CLANG_ANALYZER_NONNULL = YES;
				CLANG_ANALYZER_NUMBER_OBJECT_CONVERSION = YES_AGGRESSIVE;
				CLANG_CXX_LANGUAGE_STANDARD = "gnu++20";
				CLANG_ENABLE_MODULES = YES;
				CLANG_ENABLE_OBJC_ARC = YES;
				CLANG_ENABLE_OBJC_WEAK = YES;
				CLANG_WARN_BLOCK_CAPTURE_AUTORELEASING = YES;
				CLANG_WARN_BOOL_CONVERSION = YES;
				CLANG_WARN_COMMA = YES;
				CLANG_WARN_CONSTANT_CONVERSION = YES;
				CLANG_WARN_DEPRECATED_OBJC_IMPLEMENTATIONS = YES;
				CLANG_WARN_DIRECT_OBJC_ISA_USAGE = YES_ERROR;
				CLANG_WARN_DOCUMENTATION_COMMENTS = YES;
				CLANG_WARN_EMPTY_BODY = YES;
				CLANG_WARN_ENUM_CONVERSION = YES;
				CLANG_WARN_INFINITE_RECURSION = YES;
				CLANG_WARN_INT_CONVERSION = YES;
				CLANG_WARN_NON_LITERAL_NULL_CONVERSION = YES;
				CLANG_WARN_OBJC_IMPLICIT_RETAIN_SELF = YES;
				CLANG_WARN_OBJC_LITERAL_CONVERSION = YES;
				CLANG_WARN_OBJC_ROOT_CLASS = YES_ERROR;
				CLANG_WARN_QUOTED_INCLUDE_IN_FRAMEWORK_HEADER = YES;
				CLANG_WARN_RANGE_LOOP_ANALYSIS = YES;
				CLANG_WARN_STRICT_PROTOTYPES = YES;
				CLANG_WARN_SUSPICIOUS_MOVE = YES;
				CLANG_WARN_UNGUARDED_AVAILABILITY = YES_AGGRESSIVE;
				CLANG_WARN_UNREACHABLE_CODE = YES;
				CLANG_WARN__DUPLICATE_METHOD_MATCH = YES;
				COPY_PHASE_STRIP = NO;
				DEBUG_INFORMATION_FORMAT = "dwarf-with-dsym";
				ENABLE_NS_ASSERTIONS = NO;
				ENABLE_STRICT_OBJC_MSGSEND = YES;
				ENABLE_USER_SCRIPT_SANDBOXING = YES;
				GCC_C_LANGUAGE_STANDARD = gnu17;
				GCC_NO_COMMON_BLOCKS = YES;
				GCC_WARN_64_TO_32_BIT_CONVERSION = YES;
				GCC_WARN_ABOUT_RETURN_TYPE = YES_ERROR;
				GCC_WARN_UNDECLARED_SELECTOR = YES;
				GCC_WARN_UNINITIALIZED_AUTOS = YES_AGGRESSIVE;
				GCC_WARN_UNUSED_FUNCTION = YES;
				GCC_WARN_UNUSED_VARIABLE = YES;
				IPHONEOS_DEPLOYMENT_TARGET = 16.0;
				LOCALIZATION_PREFERS_STRING_CATALOGS = YES;
				MTL_ENABLE_DEBUG_INFO = NO;
				MTL_FAST_MATH = YES;
				SDKROOT = iphoneos;
				SWIFT_COMPILATION_MODE = wholemodule;
				VALIDATE_PRODUCT = YES;
			};
			name = Release;
		};
		6428A4982C3D20C900C47990 /* Debug */ = {
			isa = XCBuildConfiguration;
			baseConfigurationReference = 6428A5012C3EAA9700C47990 /* Config.xcconfig */;
			buildSettings = {
				ASSETCATALOG_COMPILER_APPICON_NAME = AppIcon;
				ASSETCATALOG_COMPILER_GLOBAL_ACCENT_COLOR_NAME = AccentColor;
				CODE_SIGN_ENTITLEMENTS = SnapFit/App/Resources/SnapFit.entitlements;
				CODE_SIGN_STYLE = Automatic;
				CURRENT_PROJECT_VERSION = 1;
				DEVELOPMENT_ASSET_PATHS = "\"SnapFit/Preview Content\"";
				DEVELOPMENT_TEAM = 9S8KMMC3YH;
				ENABLE_PREVIEWS = YES;
				GENERATE_INFOPLIST_FILE = YES;
				INFOPLIST_FILE = SnapFit/App/Resources/info.plist;
				INFOPLIST_KEY_LSApplicationCategoryType = "public.app-category.photography";
				INFOPLIST_KEY_NSFaceIDUsageDescription = "SnapFit 에서 Face ID를 사용하려고 합니다.";
				INFOPLIST_KEY_NSPhotoLibraryUsageDescription = "SnapFit 에서 앨범에 접근하려고 합니다.";
				INFOPLIST_KEY_UIApplicationSceneManifest_Generation = YES;
				INFOPLIST_KEY_UIApplicationSupportsIndirectInputEvents = YES;
				INFOPLIST_KEY_UILaunchScreen_Generation = YES;
				INFOPLIST_KEY_UILaunchStoryboardName = LaunchScreen;
				INFOPLIST_KEY_UISupportedInterfaceOrientations = UIInterfaceOrientationPortrait;
				INFOPLIST_KEY_UISupportedInterfaceOrientations_iPad = "UIInterfaceOrientationLandscapeLeft UIInterfaceOrientationLandscapeRight UIInterfaceOrientationPortrait UIInterfaceOrientationPortraitUpsideDown";
				INFOPLIST_KEY_UIUserInterfaceStyle = Light;
				LD_RUNPATH_SEARCH_PATHS = (
					"$(inherited)",
					"@executable_path/Frameworks",
				);
				MARKETING_VERSION = 1.3;
				PRODUCT_BUNDLE_IDENTIFIER = com.woogie.SnapFit;
				PRODUCT_NAME = "$(TARGET_NAME)";
				SUPPORTED_PLATFORMS = "iphoneos iphonesimulator";
				SUPPORTS_MACCATALYST = NO;
				SUPPORTS_MAC_DESIGNED_FOR_IPHONE_IPAD = NO;
				SUPPORTS_XR_DESIGNED_FOR_IPHONE_IPAD = NO;
				SWIFT_EMIT_LOC_STRINGS = YES;
				SWIFT_VERSION = 5.0;
				TARGETED_DEVICE_FAMILY = 1;
			};
			name = Debug;
		};
		6428A4992C3D20C900C47990 /* Release */ = {
			isa = XCBuildConfiguration;
			baseConfigurationReference = 6428A5012C3EAA9700C47990 /* Config.xcconfig */;
			buildSettings = {
				ASSETCATALOG_COMPILER_APPICON_NAME = AppIcon;
				ASSETCATALOG_COMPILER_GLOBAL_ACCENT_COLOR_NAME = AccentColor;
				CODE_SIGN_ENTITLEMENTS = SnapFit/App/Resources/SnapFit.entitlements;
				CODE_SIGN_STYLE = Automatic;
				CURRENT_PROJECT_VERSION = 1;
				DEVELOPMENT_ASSET_PATHS = "\"SnapFit/Preview Content\"";
				DEVELOPMENT_TEAM = 9S8KMMC3YH;
				ENABLE_PREVIEWS = YES;
				GENERATE_INFOPLIST_FILE = YES;
				INFOPLIST_FILE = SnapFit/App/Resources/info.plist;
				INFOPLIST_KEY_LSApplicationCategoryType = "public.app-category.photography";
				INFOPLIST_KEY_NSFaceIDUsageDescription = "SnapFit 에서 Face ID를 사용하려고 합니다.";
				INFOPLIST_KEY_NSPhotoLibraryUsageDescription = "SnapFit 에서 앨범에 접근하려고 합니다.";
				INFOPLIST_KEY_UIApplicationSceneManifest_Generation = YES;
				INFOPLIST_KEY_UIApplicationSupportsIndirectInputEvents = YES;
				INFOPLIST_KEY_UILaunchScreen_Generation = YES;
				INFOPLIST_KEY_UILaunchStoryboardName = LaunchScreen;
				INFOPLIST_KEY_UISupportedInterfaceOrientations = UIInterfaceOrientationPortrait;
				INFOPLIST_KEY_UISupportedInterfaceOrientations_iPad = "UIInterfaceOrientationLandscapeLeft UIInterfaceOrientationLandscapeRight UIInterfaceOrientationPortrait UIInterfaceOrientationPortraitUpsideDown";
				INFOPLIST_KEY_UIUserInterfaceStyle = Light;
				LD_RUNPATH_SEARCH_PATHS = (
					"$(inherited)",
					"@executable_path/Frameworks",
				);
				MARKETING_VERSION = 1.3;
				PRODUCT_BUNDLE_IDENTIFIER = com.woogie.SnapFit;
				PRODUCT_NAME = "$(TARGET_NAME)";
				SUPPORTED_PLATFORMS = "iphoneos iphonesimulator";
				SUPPORTS_MACCATALYST = NO;
				SUPPORTS_MAC_DESIGNED_FOR_IPHONE_IPAD = NO;
				SUPPORTS_XR_DESIGNED_FOR_IPHONE_IPAD = NO;
				SWIFT_EMIT_LOC_STRINGS = YES;
				SWIFT_VERSION = 5.0;
				TARGETED_DEVICE_FAMILY = 1;
			};
			name = Release;
		};
		64D7333E2C53D323005A217E /* Debug */ = {
			isa = XCBuildConfiguration;
			buildSettings = {
				BUNDLE_LOADER = "$(TEST_HOST)";
				CLANG_ENABLE_MODULES = YES;
				CODE_SIGN_STYLE = Automatic;
				CURRENT_PROJECT_VERSION = 1;
				DEVELOPMENT_TEAM = 9S8KMMC3YH;
				GENERATE_INFOPLIST_FILE = YES;
				IPHONEOS_DEPLOYMENT_TARGET = 17.5;
				MARKETING_VERSION = 1.0;
				PRODUCT_BUNDLE_IDENTIFIER = com.woogie.SnapFitTests;
				PRODUCT_NAME = "$(TARGET_NAME)";
				SWIFT_EMIT_LOC_STRINGS = NO;
				SWIFT_OBJC_BRIDGING_HEADER = "SnapFitTests/SnapFitTests-Bridging-Header.h";
				SWIFT_OPTIMIZATION_LEVEL = "-Onone";
				SWIFT_VERSION = 5.0;
				TARGETED_DEVICE_FAMILY = "1,2";
				TEST_HOST = "$(BUILT_PRODUCTS_DIR)/SnapFit.app/$(BUNDLE_EXECUTABLE_FOLDER_PATH)/SnapFit";
			};
			name = Debug;
		};
		64D7333F2C53D323005A217E /* Release */ = {
			isa = XCBuildConfiguration;
			buildSettings = {
				BUNDLE_LOADER = "$(TEST_HOST)";
				CLANG_ENABLE_MODULES = YES;
				CODE_SIGN_STYLE = Automatic;
				CURRENT_PROJECT_VERSION = 1;
				DEVELOPMENT_TEAM = 9S8KMMC3YH;
				GENERATE_INFOPLIST_FILE = YES;
				IPHONEOS_DEPLOYMENT_TARGET = 17.5;
				MARKETING_VERSION = 1.0;
				PRODUCT_BUNDLE_IDENTIFIER = com.woogie.SnapFitTests;
				PRODUCT_NAME = "$(TARGET_NAME)";
				SWIFT_EMIT_LOC_STRINGS = NO;
				SWIFT_OBJC_BRIDGING_HEADER = "SnapFitTests/SnapFitTests-Bridging-Header.h";
				SWIFT_VERSION = 5.0;
				TARGETED_DEVICE_FAMILY = "1,2";
				TEST_HOST = "$(BUILT_PRODUCTS_DIR)/SnapFit.app/$(BUNDLE_EXECUTABLE_FOLDER_PATH)/SnapFit";
			};
			name = Release;
		};
/* End XCBuildConfiguration section */

/* Begin XCConfigurationList section */
		6428A4842C3D20C600C47990 /* Build configuration list for PBXProject "SnapFit" */ = {
			isa = XCConfigurationList;
			buildConfigurations = (
				6428A4952C3D20C900C47990 /* Debug */,
				6428A4962C3D20C900C47990 /* Release */,
			);
			defaultConfigurationIsVisible = 0;
			defaultConfigurationName = Release;
		};
		6428A4972C3D20C900C47990 /* Build configuration list for PBXNativeTarget "SnapFit" */ = {
			isa = XCConfigurationList;
			buildConfigurations = (
				6428A4982C3D20C900C47990 /* Debug */,
				6428A4992C3D20C900C47990 /* Release */,
			);
			defaultConfigurationIsVisible = 0;
			defaultConfigurationName = Release;
		};
		64D733402C53D323005A217E /* Build configuration list for PBXNativeTarget "SnapFitTests" */ = {
			isa = XCConfigurationList;
			buildConfigurations = (
				64D7333E2C53D323005A217E /* Debug */,
				64D7333F2C53D323005A217E /* Release */,
			);
			defaultConfigurationIsVisible = 0;
			defaultConfigurationName = Release;
		};
/* End XCConfigurationList section */

/* Begin XCRemoteSwiftPackageReference section */
		641D140A2C7340FF005752F4 /* XCRemoteSwiftPackageReference "Kingfisher" */ = {
			isa = XCRemoteSwiftPackageReference;
			repositoryURL = "https://github.com/onevcat/Kingfisher.git";
			requirement = {
				kind = upToNextMajorVersion;
				minimumVersion = 7.12.0;
			};
		};
		6428A4FF2C3EA96600C47990 /* XCRemoteSwiftPackageReference "kakao-ios-sdk" */ = {
			isa = XCRemoteSwiftPackageReference;
			repositoryURL = "https://github.com/kakao/kakao-ios-sdk";
			requirement = {
				kind = upToNextMajorVersion;
				minimumVersion = 2.22.4;
			};
		};
		642D9E9F2C4D46AF00B31B51 /* XCRemoteSwiftPackageReference "CombineExt" */ = {
			isa = XCRemoteSwiftPackageReference;
			repositoryURL = "https://github.com/CombineCommunity/CombineExt.git";
			requirement = {
				kind = upToNextMajorVersion;
				minimumVersion = 1.8.1;
			};
		};
		642D9EA22C4D46BA00B31B51 /* XCRemoteSwiftPackageReference "MultipartForm" */ = {
			isa = XCRemoteSwiftPackageReference;
			repositoryURL = "https://github.com/davbeck/MultipartForm";
			requirement = {
				kind = upToNextMajorVersion;
				minimumVersion = 0.1.0;
			};
		};
/* End XCRemoteSwiftPackageReference section */

/* Begin XCSwiftPackageProductDependency section */
		641D140B2C7340FF005752F4 /* Kingfisher */ = {
			isa = XCSwiftPackageProductDependency;
			package = 641D140A2C7340FF005752F4 /* XCRemoteSwiftPackageReference "Kingfisher" */;
			productName = Kingfisher;
		};
		6428A5082C3F9ECA00C47990 /* KakaoSDK */ = {
			isa = XCSwiftPackageProductDependency;
			package = 6428A4FF2C3EA96600C47990 /* XCRemoteSwiftPackageReference "kakao-ios-sdk" */;
			productName = KakaoSDK;
		};
		6428A50A2C3F9ECA00C47990 /* KakaoSDKAuth */ = {
			isa = XCSwiftPackageProductDependency;
			package = 6428A4FF2C3EA96600C47990 /* XCRemoteSwiftPackageReference "kakao-ios-sdk" */;
			productName = KakaoSDKAuth;
		};
		6428A50C2C3F9ECA00C47990 /* KakaoSDKCommon */ = {
			isa = XCSwiftPackageProductDependency;
			package = 6428A4FF2C3EA96600C47990 /* XCRemoteSwiftPackageReference "kakao-ios-sdk" */;
			productName = KakaoSDKCommon;
		};
		6428A50E2C3F9ECA00C47990 /* KakaoSDKUser */ = {
			isa = XCSwiftPackageProductDependency;
			package = 6428A4FF2C3EA96600C47990 /* XCRemoteSwiftPackageReference "kakao-ios-sdk" */;
			productName = KakaoSDKUser;
		};
		642D9EA02C4D46AF00B31B51 /* CombineExt */ = {
			isa = XCSwiftPackageProductDependency;
			package = 642D9E9F2C4D46AF00B31B51 /* XCRemoteSwiftPackageReference "CombineExt" */;
			productName = CombineExt;
		};
		642D9EA32C4D46BA00B31B51 /* MultipartForm */ = {
			isa = XCSwiftPackageProductDependency;
			package = 642D9EA22C4D46BA00B31B51 /* XCRemoteSwiftPackageReference "MultipartForm" */;
			productName = MultipartForm;
		};
/* End XCSwiftPackageProductDependency section */
	};
	rootObject = 6428A4812C3D20C600C47990 /* Project object */;
}
