// !$*UTF8*$!
{
	archiveVersion = 1;
	classes = {
	};
	objectVersion = 56;
	objects = {

/* Begin PBXBuildFile section */
		6428A48D2C3D20C600C47990 /* SnapFitApp.swift in Sources */ = {isa = PBXBuildFile; fileRef = 6428A48C2C3D20C600C47990 /* SnapFitApp.swift */; };
		6428A48F2C3D20C600C47990 /* ContentView.swift in Sources */ = {isa = PBXBuildFile; fileRef = 6428A48E2C3D20C600C47990 /* ContentView.swift */; };
		6428A4912C3D20C900C47990 /* Assets.xcassets in Resources */ = {isa = PBXBuildFile; fileRef = 6428A4902C3D20C900C47990 /* Assets.xcassets */; };
		6428A4942C3D20C900C47990 /* Preview Assets.xcassets in Resources */ = {isa = PBXBuildFile; fileRef = 6428A4932C3D20C900C47990 /* Preview Assets.xcassets */; };
		6428A4C42C3D64D200C47990 /* SplashView.swift in Sources */ = {isa = PBXBuildFile; fileRef = 6428A4C32C3D64D200C47990 /* SplashView.swift */; };
		6428A4FE2C3E891E00C47990 /* LaunchScreen.storyboard in Resources */ = {isa = PBXBuildFile; fileRef = 6428A4FD2C3E891E00C47990 /* LaunchScreen.storyboard */; };
		6428A5042C3F978600C47990 /* AppDelegate.swift in Sources */ = {isa = PBXBuildFile; fileRef = 6428A5032C3F978600C47990 /* AppDelegate.swift */; };
		6428A5062C3F98F200C47990 /* SceneDelegate.swift in Sources */ = {isa = PBXBuildFile; fileRef = 6428A5052C3F98F200C47990 /* SceneDelegate.swift */; };
		6428A5092C3F9ECA00C47990 /* KakaoSDK in Frameworks */ = {isa = PBXBuildFile; productRef = 6428A5082C3F9ECA00C47990 /* KakaoSDK */; };
		6428A50B2C3F9ECA00C47990 /* KakaoSDKAuth in Frameworks */ = {isa = PBXBuildFile; productRef = 6428A50A2C3F9ECA00C47990 /* KakaoSDKAuth */; };
		6428A50D2C3F9ECA00C47990 /* KakaoSDKCommon in Frameworks */ = {isa = PBXBuildFile; productRef = 6428A50C2C3F9ECA00C47990 /* KakaoSDKCommon */; };
		6428A50F2C3F9ECA00C47990 /* KakaoSDKUser in Frameworks */ = {isa = PBXBuildFile; productRef = 6428A50E2C3F9ECA00C47990 /* KakaoSDKUser */; };
		6428A5132C3FA32B00C47990 /* LoginViewModel.swift in Sources */ = {isa = PBXBuildFile; fileRef = 6428A5122C3FA32B00C47990 /* LoginViewModel.swift */; };
		642D9E9E2C4D458500B31B51 /* Tokens.swift in Sources */ = {isa = PBXBuildFile; fileRef = 642D9E9D2C4D458500B31B51 /* Tokens.swift */; };
		642D9EA12C4D46AF00B31B51 /* CombineExt in Frameworks */ = {isa = PBXBuildFile; productRef = 642D9EA02C4D46AF00B31B51 /* CombineExt */; };
		642D9EA42C4D46BA00B31B51 /* MultipartForm in Frameworks */ = {isa = PBXBuildFile; productRef = 642D9EA32C4D46BA00B31B51 /* MultipartForm */; };
		644EDABE2C4552FF00745DDD /* WebView.swift in Sources */ = {isa = PBXBuildFile; fileRef = 644EDABD2C4552FF00745DDD /* WebView.swift */; };
		644EDAC02C4636DE00745DDD /* NicknameSettingsView.swift in Sources */ = {isa = PBXBuildFile; fileRef = 644EDABF2C4636DE00745DDD /* NicknameSettingsView.swift */; };
		6496CB412C42CECA00381F0F /* LoginPresenter.swift in Sources */ = {isa = PBXBuildFile; fileRef = 6496CB3B2C42CECA00381F0F /* LoginPresenter.swift */; };
		6496CB422C42CECA00381F0F /* LoginDataStore.swift in Sources */ = {isa = PBXBuildFile; fileRef = 6496CB3C2C42CECA00381F0F /* LoginDataStore.swift */; };
		6496CB432C42CECA00381F0F /* LoginInteractor.swift in Sources */ = {isa = PBXBuildFile; fileRef = 6496CB3D2C42CECA00381F0F /* LoginInteractor.swift */; };
		6496CB442C42CECA00381F0F /* LoginView.swift in Sources */ = {isa = PBXBuildFile; fileRef = 6496CB3E2C42CECA00381F0F /* LoginView.swift */; };
		6496CB452C42CECA00381F0F /* LoginModel.swift in Sources */ = {isa = PBXBuildFile; fileRef = 6496CB3F2C42CECA00381F0F /* LoginModel.swift */; };
		6496CB462C42CECA00381F0F /* LoginConfigurator.swift in Sources */ = {isa = PBXBuildFile; fileRef = 6496CB402C42CECA00381F0F /* LoginConfigurator.swift */; };
		6496CB492C43B81B00381F0F /* AuthWorker.swift in Sources */ = {isa = PBXBuildFile; fileRef = 6496CB482C43B81B00381F0F /* AuthWorker.swift */; };
		6496CB4C2C43F85C00381F0F /* TermsView.swift in Sources */ = {isa = PBXBuildFile; fileRef = 6496CB4B2C43F85C00381F0F /* TermsView.swift */; };
		64ACDAEC2C4642A200A4C169 /* GridSelectionView.swift in Sources */ = {isa = PBXBuildFile; fileRef = 64ACDAEB2C4642A200A4C169 /* GridSelectionView.swift */; };
		64ACDAEE2C46627000A4C169 /* Path.swift in Sources */ = {isa = PBXBuildFile; fileRef = 64ACDAED2C46627000A4C169 /* Path.swift */; };
		64FDCCE92C5006030033447D /* ApiError.swift in Sources */ = {isa = PBXBuildFile; fileRef = 64FDCCE82C5006030033447D /* ApiError.swift */; };
/* End PBXBuildFile section */

/* Begin PBXFileReference section */
		6428A4892C3D20C600C47990 /* SnapFit.app */ = {isa = PBXFileReference; explicitFileType = wrapper.application; includeInIndex = 0; path = SnapFit.app; sourceTree = BUILT_PRODUCTS_DIR; };
		6428A48C2C3D20C600C47990 /* SnapFitApp.swift */ = {isa = PBXFileReference; lastKnownFileType = sourcecode.swift; path = SnapFitApp.swift; sourceTree = "<group>"; };
		6428A48E2C3D20C600C47990 /* ContentView.swift */ = {isa = PBXFileReference; lastKnownFileType = sourcecode.swift; path = ContentView.swift; sourceTree = "<group>"; };
		6428A4902C3D20C900C47990 /* Assets.xcassets */ = {isa = PBXFileReference; lastKnownFileType = folder.assetcatalog; path = Assets.xcassets; sourceTree = "<group>"; };
		6428A4932C3D20C900C47990 /* Preview Assets.xcassets */ = {isa = PBXFileReference; lastKnownFileType = folder.assetcatalog; path = "Preview Assets.xcassets"; sourceTree = "<group>"; };
		6428A4C32C3D64D200C47990 /* SplashView.swift */ = {isa = PBXFileReference; lastKnownFileType = sourcecode.swift; name = SplashView.swift; path = ../../../../../SplashView.swift; sourceTree = "<group>"; };
		6428A4FD2C3E891E00C47990 /* LaunchScreen.storyboard */ = {isa = PBXFileReference; lastKnownFileType = file.storyboard; path = LaunchScreen.storyboard; sourceTree = "<group>"; };
		6428A5002C3EA9C000C47990 /* Info.plist */ = {isa = PBXFileReference; lastKnownFileType = text.plist.xml; path = Info.plist; sourceTree = "<group>"; };
		6428A5012C3EAA9700C47990 /* Config.xcconfig */ = {isa = PBXFileReference; lastKnownFileType = text.xcconfig; path = Config.xcconfig; sourceTree = "<group>"; };
		6428A5032C3F978600C47990 /* AppDelegate.swift */ = {isa = PBXFileReference; lastKnownFileType = sourcecode.swift; path = AppDelegate.swift; sourceTree = "<group>"; };
		6428A5052C3F98F200C47990 /* SceneDelegate.swift */ = {isa = PBXFileReference; lastKnownFileType = sourcecode.swift; path = SceneDelegate.swift; sourceTree = "<group>"; };
		6428A5122C3FA32B00C47990 /* LoginViewModel.swift */ = {isa = PBXFileReference; lastKnownFileType = sourcecode.swift; path = LoginViewModel.swift; sourceTree = "<group>"; };
		6428A5142C3FB2FB00C47990 /* SnapFit.entitlements */ = {isa = PBXFileReference; lastKnownFileType = text.plist.entitlements; path = SnapFit.entitlements; sourceTree = "<group>"; };
		642D9E9D2C4D458500B31B51 /* Tokens.swift */ = {isa = PBXFileReference; lastKnownFileType = sourcecode.swift; path = Tokens.swift; sourceTree = "<group>"; };
		644EDABD2C4552FF00745DDD /* WebView.swift */ = {isa = PBXFileReference; lastKnownFileType = sourcecode.swift; path = WebView.swift; sourceTree = "<group>"; };
		644EDABF2C4636DE00745DDD /* NicknameSettingsView.swift */ = {isa = PBXFileReference; lastKnownFileType = sourcecode.swift; path = NicknameSettingsView.swift; sourceTree = "<group>"; };
		6496CB3B2C42CECA00381F0F /* LoginPresenter.swift */ = {isa = PBXFileReference; lastKnownFileType = sourcecode.swift; path = LoginPresenter.swift; sourceTree = "<group>"; };
		6496CB3C2C42CECA00381F0F /* LoginDataStore.swift */ = {isa = PBXFileReference; lastKnownFileType = sourcecode.swift; path = LoginDataStore.swift; sourceTree = "<group>"; };
		6496CB3D2C42CECA00381F0F /* LoginInteractor.swift */ = {isa = PBXFileReference; lastKnownFileType = sourcecode.swift; path = LoginInteractor.swift; sourceTree = "<group>"; };
		6496CB3E2C42CECA00381F0F /* LoginView.swift */ = {isa = PBXFileReference; lastKnownFileType = sourcecode.swift; path = LoginView.swift; sourceTree = "<group>"; };
		6496CB3F2C42CECA00381F0F /* LoginModel.swift */ = {isa = PBXFileReference; lastKnownFileType = sourcecode.swift; path = LoginModel.swift; sourceTree = "<group>"; };
		6496CB402C42CECA00381F0F /* LoginConfigurator.swift */ = {isa = PBXFileReference; lastKnownFileType = sourcecode.swift; path = LoginConfigurator.swift; sourceTree = "<group>"; };
		6496CB482C43B81B00381F0F /* AuthWorker.swift */ = {isa = PBXFileReference; lastKnownFileType = sourcecode.swift; path = AuthWorker.swift; sourceTree = "<group>"; };
		6496CB4B2C43F85C00381F0F /* TermsView.swift */ = {isa = PBXFileReference; lastKnownFileType = sourcecode.swift; path = TermsView.swift; sourceTree = "<group>"; };
		64ACDAEB2C4642A200A4C169 /* GridSelectionView.swift */ = {isa = PBXFileReference; lastKnownFileType = sourcecode.swift; path = GridSelectionView.swift; sourceTree = "<group>"; };
		64ACDAED2C46627000A4C169 /* Path.swift */ = {isa = PBXFileReference; lastKnownFileType = sourcecode.swift; path = Path.swift; sourceTree = "<group>"; };
		64FDCCE82C5006030033447D /* ApiError.swift */ = {isa = PBXFileReference; lastKnownFileType = sourcecode.swift; path = ApiError.swift; sourceTree = "<group>"; };
/* End PBXFileReference section */

/* Begin PBXFrameworksBuildPhase section */
		6428A4862C3D20C600C47990 /* Frameworks */ = {
			isa = PBXFrameworksBuildPhase;
			buildActionMask = 2147483647;
			files = (
				6428A50F2C3F9ECA00C47990 /* KakaoSDKUser in Frameworks */,
				642D9EA42C4D46BA00B31B51 /* MultipartForm in Frameworks */,
				6428A5092C3F9ECA00C47990 /* KakaoSDK in Frameworks */,
				6428A50D2C3F9ECA00C47990 /* KakaoSDKCommon in Frameworks */,
				642D9EA12C4D46AF00B31B51 /* CombineExt in Frameworks */,
				6428A50B2C3F9ECA00C47990 /* KakaoSDKAuth in Frameworks */,
			);
			runOnlyForDeploymentPostprocessing = 0;
		};
/* End PBXFrameworksBuildPhase section */

/* Begin PBXGroup section */
		6428A4802C3D20C600C47990 = {
			isa = PBXGroup;
			children = (
				6428A48B2C3D20C600C47990 /* SnapFit */,
				6428A48A2C3D20C600C47990 /* Products */,
				6428A5072C3F9ECA00C47990 /* Frameworks */,
			);
			sourceTree = "<group>";
		};
		6428A48A2C3D20C600C47990 /* Products */ = {
			isa = PBXGroup;
			children = (
				6428A4892C3D20C600C47990 /* SnapFit.app */,
			);
			name = Products;
			sourceTree = "<group>";
		};
		6428A48B2C3D20C600C47990 /* SnapFit */ = {
			isa = PBXGroup;
			children = (
				644EDABB2C4552AA00745DDD /* Common */,
				6496CB2C2C42CE3900381F0F /* App */,
				6428A49C2C3D22F900C47990 /* Data */,
				6428A49A2C3D22E900C47990 /* Presentation */,
				6428A4902C3D20C900C47990 /* Assets.xcassets */,
				6428A4FD2C3E891E00C47990 /* LaunchScreen.storyboard */,
				6428A4922C3D20C900C47990 /* Preview Content */,
			);
			path = SnapFit;
			sourceTree = "<group>";
		};
		6428A4922C3D20C900C47990 /* Preview Content */ = {
			isa = PBXGroup;
			children = (
				6428A4932C3D20C900C47990 /* Preview Assets.xcassets */,
			);
			path = "Preview Content";
			sourceTree = "<group>";
		};
		6428A49A2C3D22E900C47990 /* Presentation */ = {
			isa = PBXGroup;
			children = (
				6496CB3A2C42CEA400381F0F /* Login */,
				6428A48E2C3D20C600C47990 /* ContentView.swift */,
				6428A4C32C3D64D200C47990 /* SplashView.swift */,
			);
			path = Presentation;
			sourceTree = "<group>";
		};
		6428A49C2C3D22F900C47990 /* Data */ = {
			isa = PBXGroup;
			children = (
				6428A49D2C3D23D100C47990 /* Repositories */,
			);
			path = Data;
			sourceTree = "<group>";
		};
		6428A49D2C3D23D100C47990 /* Repositories */ = {
			isa = PBXGroup;
			children = (
				642D9E9D2C4D458500B31B51 /* Tokens.swift */,
			);
			path = Repositories;
			sourceTree = "<group>";
		};
		6428A5072C3F9ECA00C47990 /* Frameworks */ = {
			isa = PBXGroup;
			children = (
			);
			name = Frameworks;
			sourceTree = "<group>";
		};
		642D9E982C4D362600B31B51 /* Presenter */ = {
			isa = PBXGroup;
			children = (
				6496CB3B2C42CECA00381F0F /* LoginPresenter.swift */,
			);
			path = Presenter;
			sourceTree = "<group>";
		};
		642D9E992C4D367300B31B51 /* Interactor & Worker */ = {
			isa = PBXGroup;
			children = (
				6496CB3D2C42CECA00381F0F /* LoginInteractor.swift */,
				6496CB482C43B81B00381F0F /* AuthWorker.swift */,
				6496CB3C2C42CECA00381F0F /* LoginDataStore.swift */,
				64FDCCE82C5006030033447D /* ApiError.swift */,
			);
			path = "Interactor & Worker";
			sourceTree = "<group>";
		};
		642D9E9A2C4D36D300B31B51 /* UseCases */ = {
			isa = PBXGroup;
			children = (
				6496CB3F2C42CECA00381F0F /* LoginModel.swift */,
			);
			path = UseCases;
			sourceTree = "<group>";
		};
		644EDABB2C4552AA00745DDD /* Common */ = {
			isa = PBXGroup;
			children = (
				644EDABC2C4552BD00745DDD /* View */,
				64ACDAED2C46627000A4C169 /* Path.swift */,
			);
			path = Common;
			sourceTree = "<group>";
		};
		644EDABC2C4552BD00745DDD /* View */ = {
			isa = PBXGroup;
			children = (
				644EDABD2C4552FF00745DDD /* WebView.swift */,
				64ACDAEB2C4642A200A4C169 /* GridSelectionView.swift */,
			);
			path = View;
			sourceTree = "<group>";
		};
		6496CB2C2C42CE3900381F0F /* App */ = {
			isa = PBXGroup;
			children = (
				6496CB2D2C42CE5A00381F0F /* Config */,
				6428A48C2C3D20C600C47990 /* SnapFitApp.swift */,
				6428A5032C3F978600C47990 /* AppDelegate.swift */,
				6428A5052C3F98F200C47990 /* SceneDelegate.swift */,
			);
			path = App;
			sourceTree = "<group>";
		};
		6496CB2D2C42CE5A00381F0F /* Config */ = {
			isa = PBXGroup;
			children = (
				6428A5002C3EA9C000C47990 /* Info.plist */,
				6428A5142C3FB2FB00C47990 /* SnapFit.entitlements */,
				6428A5012C3EAA9700C47990 /* Config.xcconfig */,
			);
			path = Config;
			sourceTree = "<group>";
		};
		6496CB3A2C42CEA400381F0F /* Login */ = {
			isa = PBXGroup;
			children = (
				642D9E9A2C4D36D300B31B51 /* UseCases */,
				642D9E992C4D367300B31B51 /* Interactor & Worker */,
				642D9E982C4D362600B31B51 /* Presenter */,
				6496CB4A2C43F7D400381F0F /* View */,
				6496CB402C42CECA00381F0F /* LoginConfigurator.swift */,
			);
			path = Login;
			sourceTree = "<group>";
		};
		6496CB4A2C43F7D400381F0F /* View */ = {
			isa = PBXGroup;
			children = (
				6496CB4B2C43F85C00381F0F /* TermsView.swift */,
				644EDABF2C4636DE00745DDD /* NicknameSettingsView.swift */,
				6496CB3E2C42CECA00381F0F /* LoginView.swift */,
				6428A5122C3FA32B00C47990 /* LoginViewModel.swift */,
			);
			path = View;
			sourceTree = "<group>";
		};
/* End PBXGroup section */

/* Begin PBXNativeTarget section */
		6428A4882C3D20C600C47990 /* SnapFit */ = {
			isa = PBXNativeTarget;
			buildConfigurationList = 6428A4972C3D20C900C47990 /* Build configuration list for PBXNativeTarget "SnapFit" */;
			buildPhases = (
				6428A4852C3D20C600C47990 /* Sources */,
				6428A4862C3D20C600C47990 /* Frameworks */,
				6428A4872C3D20C600C47990 /* Resources */,
			);
			buildRules = (
			);
			dependencies = (
			);
			name = SnapFit;
			packageProductDependencies = (
				6428A5082C3F9ECA00C47990 /* KakaoSDK */,
				6428A50A2C3F9ECA00C47990 /* KakaoSDKAuth */,
				6428A50C2C3F9ECA00C47990 /* KakaoSDKCommon */,
				6428A50E2C3F9ECA00C47990 /* KakaoSDKUser */,
				642D9EA02C4D46AF00B31B51 /* CombineExt */,
				642D9EA32C4D46BA00B31B51 /* MultipartForm */,
			);
			productName = SnapFit;
			productReference = 6428A4892C3D20C600C47990 /* SnapFit.app */;
			productType = "com.apple.product-type.application";
		};
/* End PBXNativeTarget section */

/* Begin PBXProject section */
		6428A4812C3D20C600C47990 /* Project object */ = {
			isa = PBXProject;
			attributes = {
				BuildIndependentTargetsInParallel = 1;
				LastSwiftUpdateCheck = 1540;
				LastUpgradeCheck = 1540;
				TargetAttributes = {
					6428A4882C3D20C600C47990 = {
						CreatedOnToolsVersion = 15.4;
					};
				};
			};
			buildConfigurationList = 6428A4842C3D20C600C47990 /* Build configuration list for PBXProject "SnapFit" */;
			compatibilityVersion = "Xcode 14.0";
			developmentRegion = en;
			hasScannedForEncodings = 0;
			knownRegions = (
				en,
				Base,
			);
			mainGroup = 6428A4802C3D20C600C47990;
			packageReferences = (
				6428A4FF2C3EA96600C47990 /* XCRemoteSwiftPackageReference "kakao-ios-sdk" */,
				642D9E9F2C4D46AF00B31B51 /* XCRemoteSwiftPackageReference "CombineExt" */,
				642D9EA22C4D46BA00B31B51 /* XCRemoteSwiftPackageReference "MultipartForm" */,
			);
			productRefGroup = 6428A48A2C3D20C600C47990 /* Products */;
			projectDirPath = "";
			projectRoot = "";
			targets = (
				6428A4882C3D20C600C47990 /* SnapFit */,
			);
		};
/* End PBXProject section */

/* Begin PBXResourcesBuildPhase section */
		6428A4872C3D20C600C47990 /* Resources */ = {
			isa = PBXResourcesBuildPhase;
			buildActionMask = 2147483647;
			files = (
				6428A4942C3D20C900C47990 /* Preview Assets.xcassets in Resources */,
				6428A4912C3D20C900C47990 /* Assets.xcassets in Resources */,
				6428A4FE2C3E891E00C47990 /* LaunchScreen.storyboard in Resources */,
			);
			runOnlyForDeploymentPostprocessing = 0;
		};
/* End PBXResourcesBuildPhase section */

/* Begin PBXSourcesBuildPhase section */
		6428A4852C3D20C600C47990 /* Sources */ = {
			isa = PBXSourcesBuildPhase;
			buildActionMask = 2147483647;
			files = (
				6428A5062C3F98F200C47990 /* SceneDelegate.swift in Sources */,
				6428A5042C3F978600C47990 /* AppDelegate.swift in Sources */,
				6496CB412C42CECA00381F0F /* LoginPresenter.swift in Sources */,
				642D9E9E2C4D458500B31B51 /* Tokens.swift in Sources */,
				6496CB422C42CECA00381F0F /* LoginDataStore.swift in Sources */,
				6496CB432C42CECA00381F0F /* LoginInteractor.swift in Sources */,
				64ACDAEC2C4642A200A4C169 /* GridSelectionView.swift in Sources */,
				6496CB442C42CECA00381F0F /* LoginView.swift in Sources */,
				644EDABE2C4552FF00745DDD /* WebView.swift in Sources */,
				644EDAC02C4636DE00745DDD /* NicknameSettingsView.swift in Sources */,
				6496CB4C2C43F85C00381F0F /* TermsView.swift in Sources */,
				6496CB452C42CECA00381F0F /* LoginModel.swift in Sources */,
				6496CB462C42CECA00381F0F /* LoginConfigurator.swift in Sources */,
				64FDCCE92C5006030033447D /* ApiError.swift in Sources */,
				6496CB492C43B81B00381F0F /* AuthWorker.swift in Sources */,
				6428A5132C3FA32B00C47990 /* LoginViewModel.swift in Sources */,
				6428A48F2C3D20C600C47990 /* ContentView.swift in Sources */,
				6428A48D2C3D20C600C47990 /* SnapFitApp.swift in Sources */,
				64ACDAEE2C46627000A4C169 /* Path.swift in Sources */,
				6428A4C42C3D64D200C47990 /* SplashView.swift in Sources */,
			);
			runOnlyForDeploymentPostprocessing = 0;
		};
/* End PBXSourcesBuildPhase section */

/* Begin XCBuildConfiguration section */
		6428A4952C3D20C900C47990 /* Debug */ = {
			isa = XCBuildConfiguration;
			baseConfigurationReference = 6428A5012C3EAA9700C47990 /* Config.xcconfig */;
			buildSettings = {
				ALWAYS_SEARCH_USER_PATHS = NO;
				ASSETCATALOG_COMPILER_GENERATE_SWIFT_ASSET_SYMBOL_EXTENSIONS = YES;
				CLANG_ANALYZER_NONNULL = YES;
				CLANG_ANALYZER_NUMBER_OBJECT_CONVERSION = YES_AGGRESSIVE;
				CLANG_CXX_LANGUAGE_STANDARD = "gnu++20";
				CLANG_ENABLE_MODULES = YES;
				CLANG_ENABLE_OBJC_ARC = YES;
				CLANG_ENABLE_OBJC_WEAK = YES;
				CLANG_WARN_BLOCK_CAPTURE_AUTORELEASING = YES;
				CLANG_WARN_BOOL_CONVERSION = YES;
				CLANG_WARN_COMMA = YES;
				CLANG_WARN_CONSTANT_CONVERSION = YES;
				CLANG_WARN_DEPRECATED_OBJC_IMPLEMENTATIONS = YES;
				CLANG_WARN_DIRECT_OBJC_ISA_USAGE = YES_ERROR;
				CLANG_WARN_DOCUMENTATION_COMMENTS = YES;
				CLANG_WARN_EMPTY_BODY = YES;
				CLANG_WARN_ENUM_CONVERSION = YES;
				CLANG_WARN_INFINITE_RECURSION = YES;
				CLANG_WARN_INT_CONVERSION = YES;
				CLANG_WARN_NON_LITERAL_NULL_CONVERSION = YES;
				CLANG_WARN_OBJC_IMPLICIT_RETAIN_SELF = YES;
				CLANG_WARN_OBJC_LITERAL_CONVERSION = YES;
				CLANG_WARN_OBJC_ROOT_CLASS = YES_ERROR;
				CLANG_WARN_QUOTED_INCLUDE_IN_FRAMEWORK_HEADER = YES;
				CLANG_WARN_RANGE_LOOP_ANALYSIS = YES;
				CLANG_WARN_STRICT_PROTOTYPES = YES;
				CLANG_WARN_SUSPICIOUS_MOVE = YES;
				CLANG_WARN_UNGUARDED_AVAILABILITY = YES_AGGRESSIVE;
				CLANG_WARN_UNREACHABLE_CODE = YES;
				CLANG_WARN__DUPLICATE_METHOD_MATCH = YES;
				COPY_PHASE_STRIP = NO;
				DEBUG_INFORMATION_FORMAT = dwarf;
				ENABLE_STRICT_OBJC_MSGSEND = YES;
				ENABLE_TESTABILITY = YES;
				ENABLE_USER_SCRIPT_SANDBOXING = YES;
				GCC_C_LANGUAGE_STANDARD = gnu17;
				GCC_DYNAMIC_NO_PIC = NO;
				GCC_NO_COMMON_BLOCKS = YES;
				GCC_OPTIMIZATION_LEVEL = 0;
				GCC_PREPROCESSOR_DEFINITIONS = (
					"DEBUG=1",
					"$(inherited)",
				);
				GCC_WARN_64_TO_32_BIT_CONVERSION = YES;
				GCC_WARN_ABOUT_RETURN_TYPE = YES_ERROR;
				GCC_WARN_UNDECLARED_SELECTOR = YES;
				GCC_WARN_UNINITIALIZED_AUTOS = YES_AGGRESSIVE;
				GCC_WARN_UNUSED_FUNCTION = YES;
				GCC_WARN_UNUSED_VARIABLE = YES;
				IPHONEOS_DEPLOYMENT_TARGET = 17.0;
				LOCALIZATION_PREFERS_STRING_CATALOGS = YES;
				MTL_ENABLE_DEBUG_INFO = INCLUDE_SOURCE;
				MTL_FAST_MATH = YES;
				ONLY_ACTIVE_ARCH = YES;
				SDKROOT = iphoneos;
				SWIFT_ACTIVE_COMPILATION_CONDITIONS = "DEBUG $(inherited)";
				SWIFT_OPTIMIZATION_LEVEL = "-Onone";
			};
			name = Debug;
		};
		6428A4962C3D20C900C47990 /* Release */ = {
			isa = XCBuildConfiguration;
			baseConfigurationReference = 6428A5012C3EAA9700C47990 /* Config.xcconfig */;
			buildSettings = {
				ALWAYS_SEARCH_USER_PATHS = NO;
				ASSETCATALOG_COMPILER_GENERATE_SWIFT_ASSET_SYMBOL_EXTENSIONS = YES;
				CLANG_ANALYZER_NONNULL = YES;
				CLANG_ANALYZER_NUMBER_OBJECT_CONVERSION = YES_AGGRESSIVE;
				CLANG_CXX_LANGUAGE_STANDARD = "gnu++20";
				CLANG_ENABLE_MODULES = YES;
				CLANG_ENABLE_OBJC_ARC = YES;
				CLANG_ENABLE_OBJC_WEAK = YES;
				CLANG_WARN_BLOCK_CAPTURE_AUTORELEASING = YES;
				CLANG_WARN_BOOL_CONVERSION = YES;
				CLANG_WARN_COMMA = YES;
				CLANG_WARN_CONSTANT_CONVERSION = YES;
				CLANG_WARN_DEPRECATED_OBJC_IMPLEMENTATIONS = YES;
				CLANG_WARN_DIRECT_OBJC_ISA_USAGE = YES_ERROR;
				CLANG_WARN_DOCUMENTATION_COMMENTS = YES;
				CLANG_WARN_EMPTY_BODY = YES;
				CLANG_WARN_ENUM_CONVERSION = YES;
				CLANG_WARN_INFINITE_RECURSION = YES;
				CLANG_WARN_INT_CONVERSION = YES;
				CLANG_WARN_NON_LITERAL_NULL_CONVERSION = YES;
				CLANG_WARN_OBJC_IMPLICIT_RETAIN_SELF = YES;
				CLANG_WARN_OBJC_LITERAL_CONVERSION = YES;
				CLANG_WARN_OBJC_ROOT_CLASS = YES_ERROR;
				CLANG_WARN_QUOTED_INCLUDE_IN_FRAMEWORK_HEADER = YES;
				CLANG_WARN_RANGE_LOOP_ANALYSIS = YES;
				CLANG_WARN_STRICT_PROTOTYPES = YES;
				CLANG_WARN_SUSPICIOUS_MOVE = YES;
				CLANG_WARN_UNGUARDED_AVAILABILITY = YES_AGGRESSIVE;
				CLANG_WARN_UNREACHABLE_CODE = YES;
				CLANG_WARN__DUPLICATE_METHOD_MATCH = YES;
				COPY_PHASE_STRIP = NO;
				DEBUG_INFORMATION_FORMAT = "dwarf-with-dsym";
				ENABLE_NS_ASSERTIONS = NO;
				ENABLE_STRICT_OBJC_MSGSEND = YES;
				ENABLE_USER_SCRIPT_SANDBOXING = YES;
				GCC_C_LANGUAGE_STANDARD = gnu17;
				GCC_NO_COMMON_BLOCKS = YES;
				GCC_WARN_64_TO_32_BIT_CONVERSION = YES;
				GCC_WARN_ABOUT_RETURN_TYPE = YES_ERROR;
				GCC_WARN_UNDECLARED_SELECTOR = YES;
				GCC_WARN_UNINITIALIZED_AUTOS = YES_AGGRESSIVE;
				GCC_WARN_UNUSED_FUNCTION = YES;
				GCC_WARN_UNUSED_VARIABLE = YES;
				IPHONEOS_DEPLOYMENT_TARGET = 17.0;
				LOCALIZATION_PREFERS_STRING_CATALOGS = YES;
				MTL_ENABLE_DEBUG_INFO = NO;
				MTL_FAST_MATH = YES;
				SDKROOT = iphoneos;
				SWIFT_COMPILATION_MODE = wholemodule;
				VALIDATE_PRODUCT = YES;
			};
			name = Release;
		};
		6428A4982C3D20C900C47990 /* Debug */ = {
			isa = XCBuildConfiguration;
			baseConfigurationReference = 6428A5012C3EAA9700C47990 /* Config.xcconfig */;
			buildSettings = {
				ASSETCATALOG_COMPILER_APPICON_NAME = AppIcon;
				ASSETCATALOG_COMPILER_GLOBAL_ACCENT_COLOR_NAME = AccentColor;
				CODE_SIGN_ENTITLEMENTS = SnapFit/App/Config/SnapFit.entitlements;
				CODE_SIGN_STYLE = Automatic;
				CURRENT_PROJECT_VERSION = 1;
				DEVELOPMENT_ASSET_PATHS = "\"SnapFit/Preview Content\"";
				DEVELOPMENT_TEAM = 9S8KMMC3YH;
				ENABLE_PREVIEWS = YES;
				GENERATE_INFOPLIST_FILE = YES;
				INFOPLIST_FILE = SnapFit/App/Config/info.plist;
				INFOPLIST_KEY_NSFaceIDUsageDescription = "SnapFit 에서 Face ID를 사용하려고 합니다.";
				INFOPLIST_KEY_UIApplicationSceneManifest_Generation = YES;
				INFOPLIST_KEY_UIApplicationSupportsIndirectInputEvents = YES;
				INFOPLIST_KEY_UILaunchScreen_Generation = YES;
				INFOPLIST_KEY_UILaunchStoryboardName = LaunchScreen;
				INFOPLIST_KEY_UISupportedInterfaceOrientations_iPad = "UIInterfaceOrientationPortrait UIInterfaceOrientationPortraitUpsideDown UIInterfaceOrientationLandscapeLeft UIInterfaceOrientationLandscapeRight";
				INFOPLIST_KEY_UISupportedInterfaceOrientations_iPhone = "UIInterfaceOrientationPortrait UIInterfaceOrientationLandscapeLeft UIInterfaceOrientationLandscapeRight";
				LD_RUNPATH_SEARCH_PATHS = (
					"$(inherited)",
					"@executable_path/Frameworks",
				);
				MARKETING_VERSION = 1.0;
				PRODUCT_BUNDLE_IDENTIFIER = com.woogie.SnapFit;
				PRODUCT_NAME = "$(TARGET_NAME)";
				SWIFT_EMIT_LOC_STRINGS = YES;
				SWIFT_VERSION = 5.0;
				TARGETED_DEVICE_FAMILY = "1,2";
			};
			name = Debug;
		};
		6428A4992C3D20C900C47990 /* Release */ = {
			isa = XCBuildConfiguration;
			baseConfigurationReference = 6428A5012C3EAA9700C47990 /* Config.xcconfig */;
			buildSettings = {
				ASSETCATALOG_COMPILER_APPICON_NAME = AppIcon;
				ASSETCATALOG_COMPILER_GLOBAL_ACCENT_COLOR_NAME = AccentColor;
				CODE_SIGN_ENTITLEMENTS = SnapFit/App/Config/SnapFit.entitlements;
				CODE_SIGN_STYLE = Automatic;
				CURRENT_PROJECT_VERSION = 1;
				DEVELOPMENT_ASSET_PATHS = "\"SnapFit/Preview Content\"";
				DEVELOPMENT_TEAM = 9S8KMMC3YH;
				ENABLE_PREVIEWS = YES;
				GENERATE_INFOPLIST_FILE = YES;
				INFOPLIST_FILE = SnapFit/App/Config/info.plist;
				INFOPLIST_KEY_NSFaceIDUsageDescription = "SnapFit 에서 Face ID를 사용하려고 합니다.";
				INFOPLIST_KEY_UIApplicationSceneManifest_Generation = YES;
				INFOPLIST_KEY_UIApplicationSupportsIndirectInputEvents = YES;
				INFOPLIST_KEY_UILaunchScreen_Generation = YES;
				INFOPLIST_KEY_UILaunchStoryboardName = LaunchScreen;
				INFOPLIST_KEY_UISupportedInterfaceOrientations_iPad = "UIInterfaceOrientationPortrait UIInterfaceOrientationPortraitUpsideDown UIInterfaceOrientationLandscapeLeft UIInterfaceOrientationLandscapeRight";
				INFOPLIST_KEY_UISupportedInterfaceOrientations_iPhone = "UIInterfaceOrientationPortrait UIInterfaceOrientationLandscapeLeft UIInterfaceOrientationLandscapeRight";
				LD_RUNPATH_SEARCH_PATHS = (
					"$(inherited)",
					"@executable_path/Frameworks",
				);
				MARKETING_VERSION = 1.0;
				PRODUCT_BUNDLE_IDENTIFIER = com.woogie.SnapFit;
				PRODUCT_NAME = "$(TARGET_NAME)";
				SWIFT_EMIT_LOC_STRINGS = YES;
				SWIFT_VERSION = 5.0;
				TARGETED_DEVICE_FAMILY = "1,2";
			};
			name = Release;
		};
/* End XCBuildConfiguration section */

/* Begin XCConfigurationList section */
		6428A4842C3D20C600C47990 /* Build configuration list for PBXProject "SnapFit" */ = {
			isa = XCConfigurationList;
			buildConfigurations = (
				6428A4952C3D20C900C47990 /* Debug */,
				6428A4962C3D20C900C47990 /* Release */,
			);
			defaultConfigurationIsVisible = 0;
			defaultConfigurationName = Release;
		};
		6428A4972C3D20C900C47990 /* Build configuration list for PBXNativeTarget "SnapFit" */ = {
			isa = XCConfigurationList;
			buildConfigurations = (
				6428A4982C3D20C900C47990 /* Debug */,
				6428A4992C3D20C900C47990 /* Release */,
			);
			defaultConfigurationIsVisible = 0;
			defaultConfigurationName = Release;
		};
/* End XCConfigurationList section */

/* Begin XCRemoteSwiftPackageReference section */
		6428A4FF2C3EA96600C47990 /* XCRemoteSwiftPackageReference "kakao-ios-sdk" */ = {
			isa = XCRemoteSwiftPackageReference;
			repositoryURL = "https://github.com/kakao/kakao-ios-sdk";
			requirement = {
				kind = upToNextMajorVersion;
				minimumVersion = 2.22.4;
			};
		};
		642D9E9F2C4D46AF00B31B51 /* XCRemoteSwiftPackageReference "CombineExt" */ = {
			isa = XCRemoteSwiftPackageReference;
			repositoryURL = "https://github.com/CombineCommunity/CombineExt.git";
			requirement = {
				kind = upToNextMajorVersion;
				minimumVersion = 1.8.1;
			};
		};
		642D9EA22C4D46BA00B31B51 /* XCRemoteSwiftPackageReference "MultipartForm" */ = {
			isa = XCRemoteSwiftPackageReference;
			repositoryURL = "https://github.com/davbeck/MultipartForm";
			requirement = {
				kind = upToNextMajorVersion;
				minimumVersion = 0.1.0;
			};
		};
/* End XCRemoteSwiftPackageReference section */

/* Begin XCSwiftPackageProductDependency section */
		6428A5082C3F9ECA00C47990 /* KakaoSDK */ = {
			isa = XCSwiftPackageProductDependency;
			package = 6428A4FF2C3EA96600C47990 /* XCRemoteSwiftPackageReference "kakao-ios-sdk" */;
			productName = KakaoSDK;
		};
		6428A50A2C3F9ECA00C47990 /* KakaoSDKAuth */ = {
			isa = XCSwiftPackageProductDependency;
			package = 6428A4FF2C3EA96600C47990 /* XCRemoteSwiftPackageReference "kakao-ios-sdk" */;
			productName = KakaoSDKAuth;
		};
		6428A50C2C3F9ECA00C47990 /* KakaoSDKCommon */ = {
			isa = XCSwiftPackageProductDependency;
			package = 6428A4FF2C3EA96600C47990 /* XCRemoteSwiftPackageReference "kakao-ios-sdk" */;
			productName = KakaoSDKCommon;
		};
		6428A50E2C3F9ECA00C47990 /* KakaoSDKUser */ = {
			isa = XCSwiftPackageProductDependency;
			package = 6428A4FF2C3EA96600C47990 /* XCRemoteSwiftPackageReference "kakao-ios-sdk" */;
			productName = KakaoSDKUser;
		};
		642D9EA02C4D46AF00B31B51 /* CombineExt */ = {
			isa = XCSwiftPackageProductDependency;
			package = 642D9E9F2C4D46AF00B31B51 /* XCRemoteSwiftPackageReference "CombineExt" */;
			productName = CombineExt;
		};
		642D9EA32C4D46BA00B31B51 /* MultipartForm */ = {
			isa = XCSwiftPackageProductDependency;
			package = 642D9EA22C4D46BA00B31B51 /* XCRemoteSwiftPackageReference "MultipartForm" */;
			productName = MultipartForm;
		};
/* End XCSwiftPackageProductDependency section */
	};
	rootObject = 6428A4812C3D20C600C47990 /* Project object */;
}
